// !$*UTF8*$!
{
	archiveVersion = 1;
	classes = {
	};
	objectVersion = 52;
	objects = {

/* Begin PBXBuildFile section */
		74237A7226F7EB87000E6B85 /* .swiftlint.yml in Resources */ = {isa = PBXBuildFile; fileRef = 74237A7126F7EB86000E6B85 /* .swiftlint.yml */; };
		74237A7326F7EC70000E6B85 /* MainViewModel.swift in Sources */ = {isa = PBXBuildFile; fileRef = 74D1BAE626E03D7000A2A88E /* MainViewModel.swift */; };
		74237A7426F7EC70000E6B85 /* MainViewController.swift in Sources */ = {isa = PBXBuildFile; fileRef = 74D1BAE226E0360300A2A88E /* MainViewController.swift */; };
		74237A7526F7EC70000E6B85 /* MOPlayer+CoreDataProperties.swift in Sources */ = {isa = PBXBuildFile; fileRef = 743A650826F63BB200E0C944 /* MOPlayer+CoreDataProperties.swift */; };
		74237A7626F7EC70000E6B85 /* APIConfig.swift in Sources */ = {isa = PBXBuildFile; fileRef = 7489AE4726EAFCB900C4E4E9 /* APIConfig.swift */; };
		74237A7726F7EC70000E6B85 /* CoreDataService.swift in Sources */ = {isa = PBXBuildFile; fileRef = 743A650526F638A200E0C944 /* CoreDataService.swift */; };
		74237A7826F7EC70000E6B85 /* MatchTableViewCell.swift in Sources */ = {isa = PBXBuildFile; fileRef = 7489ADD126E414A600C4E4E9 /* MatchTableViewCell.swift */; };
		74237A7926F7EC70000E6B85 /* MOPlayer+CoreDataClass.swift in Sources */ = {isa = PBXBuildFile; fileRef = 743A650726F63BB200E0C944 /* MOPlayer+CoreDataClass.swift */; };
		74237A7A26F7EC70000E6B85 /* URLBuilder.swift in Sources */ = {isa = PBXBuildFile; fileRef = 74D1BAF326E1421B00A2A88E /* URLBuilder.swift */; };
		74237A7B26F7EC70000E6B85 /* ImageCellViewModel.swift in Sources */ = {isa = PBXBuildFile; fileRef = 74D1BAFB26E1921B00A2A88E /* ImageCellViewModel.swift */; };
		74237A7C26F7EC70000E6B85 /* StatisticTableViewCell.swift in Sources */ = {isa = PBXBuildFile; fileRef = 743A645526ED769300E0C944 /* StatisticTableViewCell.swift */; };
		74237A7D26F7EC70000E6B85 /* MatchBuilder.swift in Sources */ = {isa = PBXBuildFile; fileRef = 7489AE4B26EB01D300C4E4E9 /* MatchBuilder.swift */; };
		74237A7E26F7EC70000E6B85 /* Match.swift in Sources */ = {isa = PBXBuildFile; fileRef = 7489ADD326E4195300C4E4E9 /* Match.swift */; };
		74237A7F26F7EC70000E6B85 /* MatchProxy.swift in Sources */ = {isa = PBXBuildFile; fileRef = 7489AE5826ED1FB600C4E4E9 /* MatchProxy.swift */; };
		74237A8026F7EC70000E6B85 /* MOStadium+CoreDataClass.swift in Sources */ = {isa = PBXBuildFile; fileRef = 743A650B26F63BB200E0C944 /* MOStadium+CoreDataClass.swift */; };
		74237A8126F7EC70000E6B85 /* Statistic.swift in Sources */ = {isa = PBXBuildFile; fileRef = 7489AE5426ED0CD000C4E4E9 /* Statistic.swift */; };
		74237A8226F7EC70000E6B85 /* StatisticBuilder.swift in Sources */ = {isa = PBXBuildFile; fileRef = 7489AE5626ED108300C4E4E9 /* StatisticBuilder.swift */; };
		74237A8326F7EC70000E6B85 /* StatisticViewModel.swift in Sources */ = {isa = PBXBuildFile; fileRef = 7489AE5226EC23A600C4E4E9 /* StatisticViewModel.swift */; };
		74237A8426F7EC70000E6B85 /* TeamDetailsViewController.swift in Sources */ = {isa = PBXBuildFile; fileRef = 743A64F326F571A800E0C944 /* TeamDetailsViewController.swift */; };
		74237A8526F7EC70000E6B85 /* PlayerBuilder.swift in Sources */ = {isa = PBXBuildFile; fileRef = 743A64FF26F58EAF00E0C944 /* PlayerBuilder.swift */; };
		74237A8626F7EC70000E6B85 /* TeamResult.swift in Sources */ = {isa = PBXBuildFile; fileRef = 743A64B426F02ACB00E0C944 /* TeamResult.swift */; };
		74237A8726F7EC70000E6B85 /* URLRequest+QueryItem.swift in Sources */ = {isa = PBXBuildFile; fileRef = 7489ADD526E5683500C4E4E9 /* URLRequest+QueryItem.swift */; };
		74237A8826F7EC70000E6B85 /* Player.swift in Sources */ = {isa = PBXBuildFile; fileRef = 743A64F726F5759C00E0C944 /* Player.swift */; };
		74237A8926F7EC70000E6B85 /* TeamsViewController.swift in Sources */ = {isa = PBXBuildFile; fileRef = 743A64A626F0172900E0C944 /* TeamsViewController.swift */; };
		74237A8A26F7EC70000E6B85 /* EndPointFactory.swift in Sources */ = {isa = PBXBuildFile; fileRef = 7489AE4926EAFE0B00C4E4E9 /* EndPointFactory.swift */; };
		74237A8B26F7EC70000E6B85 /* MOTeam+CoreDataClass.swift in Sources */ = {isa = PBXBuildFile; fileRef = 743A650926F63BB200E0C944 /* MOTeam+CoreDataClass.swift */; };
		74237A8C26F7EC70000E6B85 /* MatchTableView.swift in Sources */ = {isa = PBXBuildFile; fileRef = 7489ADCC26E413D900C4E4E9 /* MatchTableView.swift */; };
		74237A8D26F7EC70000E6B85 /* StatisticCellViewModel.swift in Sources */ = {isa = PBXBuildFile; fileRef = 743A645826ED7D8000E0C944 /* StatisticCellViewModel.swift */; };
		74237A8E26F7EC70000E6B85 /* MatchCellViewModel.swift in Sources */ = {isa = PBXBuildFile; fileRef = 7489ADCF26E4148800C4E4E9 /* MatchCellViewModel.swift */; };
		74237A8F26F7EC70000E6B85 /* Team.swift in Sources */ = {isa = PBXBuildFile; fileRef = 743A64AD26F025EC00E0C944 /* Team.swift */; };
		74237A9026F7EC70000E6B85 /* Coordinating.swift in Sources */ = {isa = PBXBuildFile; fileRef = 74D1BA6726DECFEF00A2A88E /* Coordinating.swift */; };
		74237A9126F7EC70000E6B85 /* StatisticViewController.swift in Sources */ = {isa = PBXBuildFile; fileRef = 7489AE5026EC229900C4E4E9 /* StatisticViewController.swift */; };
		74237A9226F7EC70000E6B85 /* TeamTableViewCell.swift in Sources */ = {isa = PBXBuildFile; fileRef = 743A64AF26F0278200E0C944 /* TeamTableViewCell.swift */; };
		74237A9326F7EC70000E6B85 /* StatisticCoordinator.swift in Sources */ = {isa = PBXBuildFile; fileRef = 7489AE4E26EC220100C4E4E9 /* StatisticCoordinator.swift */; };
		74237A9426F7EC70000E6B85 /* League.swift in Sources */ = {isa = PBXBuildFile; fileRef = 74D1BAED26E1363300A2A88E /* League.swift */; };
		74237A9526F7EC70000E6B85 /* ImageCollectionViewCell.swift in Sources */ = {isa = PBXBuildFile; fileRef = 74D1BAF726E1913900A2A88E /* ImageCollectionViewCell.swift */; };
		74237A9626F7EC70000E6B85 /* TabBarController.swift in Sources */ = {isa = PBXBuildFile; fileRef = 743A64A426EFD98C00E0C944 /* TabBarController.swift */; };
		74237A9726F7EC70000E6B85 /* PlayerCellViewModel.swift in Sources */ = {isa = PBXBuildFile; fileRef = 743A64FC26F57FF400E0C944 /* PlayerCellViewModel.swift */; };
		74237A9826F7EC70000E6B85 /* TeamCellViewModel.swift in Sources */ = {isa = PBXBuildFile; fileRef = 743A64B226F027A200E0C944 /* TeamCellViewModel.swift */; };
		74237A9926F7EC70000E6B85 /* ImageCollectionView.swift in Sources */ = {isa = PBXBuildFile; fileRef = 74D1BAF526E18D1800A2A88E /* ImageCollectionView.swift */; };
		74237A9A26F7EC70000E6B85 /* MOStadium+CoreDataProperties.swift in Sources */ = {isa = PBXBuildFile; fileRef = 743A650C26F63BB200E0C944 /* MOStadium+CoreDataProperties.swift */; };
		74237A9B26F7EC70000E6B85 /* LeagueBuilder.swift in Sources */ = {isa = PBXBuildFile; fileRef = 7489AE4526EAFBF900C4E4E9 /* LeagueBuilder.swift */; };
		74237A9C26F7EC70000E6B85 /* TeamsCoordinator.swift in Sources */ = {isa = PBXBuildFile; fileRef = 743A64AB26F0177F00E0C944 /* TeamsCoordinator.swift */; };
		74237A9E26F7EC70000E6B85 /* ImageDataService.swift in Sources */ = {isa = PBXBuildFile; fileRef = 74D1BB0126E2BDB400A2A88E /* ImageDataService.swift */; };
		74237A9F26F7EC70000E6B85 /* TeamsViewModel.swift in Sources */ = {isa = PBXBuildFile; fileRef = 743A64A926F0176700E0C944 /* TeamsViewModel.swift */; };
		74237AA026F7EC70000E6B85 /* JSONParser.swift in Sources */ = {isa = PBXBuildFile; fileRef = 74D1BAEB26E1227600A2A88E /* JSONParser.swift */; };
		74237AA126F7EC70000E6B85 /* TeamDetailsViewModel.swift in Sources */ = {isa = PBXBuildFile; fileRef = 743A64F526F571DA00E0C944 /* TeamDetailsViewModel.swift */; };
		74237AA226F7EC70000E6B85 /* MainCoordinator.swift in Sources */ = {isa = PBXBuildFile; fileRef = 74D1BAE426E0362700A2A88E /* MainCoordinator.swift */; };
		74237AA326F7EC70000E6B85 /* MOTeam+CoreDataProperties.swift in Sources */ = {isa = PBXBuildFile; fileRef = 743A650A26F63BB200E0C944 /* MOTeam+CoreDataProperties.swift */; };
		74237AA426F7EC70000E6B85 /* TeamBuilder.swift in Sources */ = {isa = PBXBuildFile; fileRef = 743A64B626F0331D00E0C944 /* TeamBuilder.swift */; };
		74237AA526F7EC70000E6B85 /* TeamDetailsCoordinator.swift in Sources */ = {isa = PBXBuildFile; fileRef = 743A64F926F57B1F00E0C944 /* TeamDetailsCoordinator.swift */; };
		74237AB626F7F6A0000E6B85 /* URLRequestTests.swift in Sources */ = {isa = PBXBuildFile; fileRef = 74237AB526F7F6A0000E6B85 /* URLRequestTests.swift */; };
		74237AB726F7F827000E6B85 /* ViewModelController.swift in Sources */ = {isa = PBXBuildFile; fileRef = 74D1BAE826E03EC100A2A88E /* ViewModelController.swift */; };
		74237AD226F802D5000E6B85 /* JSONParserMock.swift in Sources */ = {isa = PBXBuildFile; fileRef = 74237AD026F802CC000E6B85 /* JSONParserMock.swift */; };
		74237AD526F80929000E6B85 /* LeagueResult.json in Resources */ = {isa = PBXBuildFile; fileRef = 74237AD426F80929000E6B85 /* LeagueResult.json */; };
		74237AD726F80A9A000E6B85 /* XCTestCase+JSON.swift in Sources */ = {isa = PBXBuildFile; fileRef = 74237AD626F80A9A000E6B85 /* XCTestCase+JSON.swift */; };
		74237ADA26F80DE8000E6B85 /* MainViewModelTests.swift in Sources */ = {isa = PBXBuildFile; fileRef = 74237AD926F80DE8000E6B85 /* MainViewModelTests.swift */; };
		74237ADE26F8208F000E6B85 /* MatchResult.json in Resources */ = {isa = PBXBuildFile; fileRef = 74237ADD26F8208F000E6B85 /* MatchResult.json */; };
		74237AE026F829BF000E6B85 /* StatisticViewModelTests.swift in Sources */ = {isa = PBXBuildFile; fileRef = 74237ADF26F829BF000E6B85 /* StatisticViewModelTests.swift */; };
		74237AE226F82B03000E6B85 /* MatchResponse.json in Resources */ = {isa = PBXBuildFile; fileRef = 74237AE126F82B03000E6B85 /* MatchResponse.json */; };
		74237AE426F82E94000E6B85 /* StatisticResult.json in Resources */ = {isa = PBXBuildFile; fileRef = 74237AE326F82E94000E6B85 /* StatisticResult.json */; };
		74237AE626F83230000E6B85 /* StatisticEncodingTests.swift in Sources */ = {isa = PBXBuildFile; fileRef = 74237AE526F83230000E6B85 /* StatisticEncodingTests.swift */; };
		74237AE726F83EFF000E6B85 /* AppDelegate.swift in Sources */ = {isa = PBXBuildFile; fileRef = 74D1BA5226DDA16200A2A88E /* AppDelegate.swift */; };
		74237AF626F8498D000E6B85 /* GoogleUtilities.xcframework in Frameworks */ = {isa = PBXBuildFile; fileRef = 74237AEC26F8498D000E6B85 /* GoogleUtilities.xcframework */; };
		74237AF826F8498D000E6B85 /* GoogleDataTransport.xcframework in Frameworks */ = {isa = PBXBuildFile; fileRef = 74237AED26F8498D000E6B85 /* GoogleDataTransport.xcframework */; };
		74237AFA26F8498D000E6B85 /* FirebaseAnalytics.xcframework in Frameworks */ = {isa = PBXBuildFile; fileRef = 74237AEE26F8498D000E6B85 /* FirebaseAnalytics.xcframework */; };
		74237AFC26F8498D000E6B85 /* PromisesObjC.xcframework in Frameworks */ = {isa = PBXBuildFile; fileRef = 74237AEF26F8498D000E6B85 /* PromisesObjC.xcframework */; };
		74237AFE26F8498D000E6B85 /* FirebaseInstallations.xcframework in Frameworks */ = {isa = PBXBuildFile; fileRef = 74237AF026F8498D000E6B85 /* FirebaseInstallations.xcframework */; };
		74237B0026F8498D000E6B85 /* nanopb.xcframework in Frameworks */ = {isa = PBXBuildFile; fileRef = 74237AF126F8498D000E6B85 /* nanopb.xcframework */; };
		74237B0226F8498D000E6B85 /* GoogleAppMeasurement.xcframework in Frameworks */ = {isa = PBXBuildFile; fileRef = 74237AF226F8498D000E6B85 /* GoogleAppMeasurement.xcframework */; };
		74237B0426F8498D000E6B85 /* FirebaseCrashlytics.xcframework in Frameworks */ = {isa = PBXBuildFile; fileRef = 74237AF326F8498D000E6B85 /* FirebaseCrashlytics.xcframework */; };
		74237B0626F8498D000E6B85 /* FirebaseCoreDiagnostics.xcframework in Frameworks */ = {isa = PBXBuildFile; fileRef = 74237AF426F8498D000E6B85 /* FirebaseCoreDiagnostics.xcframework */; };
		74237B0826F8498D000E6B85 /* FirebaseCore.xcframework in Frameworks */ = {isa = PBXBuildFile; fileRef = 74237AF526F8498D000E6B85 /* FirebaseCore.xcframework */; };
		74237B0A26F849F8000E6B85 /* PromisesObjC.xcframework in Frameworks */ = {isa = PBXBuildFile; fileRef = 74237AEF26F8498D000E6B85 /* PromisesObjC.xcframework */; };
		74237B0B26F849F8000E6B85 /* FirebaseCoreDiagnostics.xcframework in Frameworks */ = {isa = PBXBuildFile; fileRef = 74237AF426F8498D000E6B85 /* FirebaseCoreDiagnostics.xcframework */; };
		74237B0C26F849F8000E6B85 /* GoogleAppMeasurement.xcframework in Frameworks */ = {isa = PBXBuildFile; fileRef = 74237AF226F8498D000E6B85 /* GoogleAppMeasurement.xcframework */; };
		74237B0D26F849F8000E6B85 /* GoogleDataTransport.xcframework in Frameworks */ = {isa = PBXBuildFile; fileRef = 74237AED26F8498D000E6B85 /* GoogleDataTransport.xcframework */; };
		74237B0E26F849F8000E6B85 /* FirebaseAnalytics.xcframework in Frameworks */ = {isa = PBXBuildFile; fileRef = 74237AEE26F8498D000E6B85 /* FirebaseAnalytics.xcframework */; };
		74237B0F26F849F8000E6B85 /* nanopb.xcframework in Frameworks */ = {isa = PBXBuildFile; fileRef = 74237AF126F8498D000E6B85 /* nanopb.xcframework */; };
		74237B1026F849F8000E6B85 /* FirebaseCore.xcframework in Frameworks */ = {isa = PBXBuildFile; fileRef = 74237AF526F8498D000E6B85 /* FirebaseCore.xcframework */; };
		74237B1126F849F8000E6B85 /* FirebaseInstallations.xcframework in Frameworks */ = {isa = PBXBuildFile; fileRef = 74237AF026F8498D000E6B85 /* FirebaseInstallations.xcframework */; };
		74237B1226F849F8000E6B85 /* GoogleUtilities.xcframework in Frameworks */ = {isa = PBXBuildFile; fileRef = 74237AEC26F8498D000E6B85 /* GoogleUtilities.xcframework */; };
		74237B1326F849F8000E6B85 /* FirebaseCrashlytics.xcframework in Frameworks */ = {isa = PBXBuildFile; fileRef = 74237AF326F8498D000E6B85 /* FirebaseCrashlytics.xcframework */; };
		74237B1526F84A7D000E6B85 /* AdSupport.framework in Frameworks */ = {isa = PBXBuildFile; fileRef = 74237B1426F84A7D000E6B85 /* AdSupport.framework */; };
		74237B4F26F8C30C000E6B85 /* SoccerUITests.swift in Sources */ = {isa = PBXBuildFile; fileRef = 74237B4E26F8C30C000E6B85 /* SoccerUITests.swift */; };
		74237B5726F8C386000E6B85 /* Page.swift in Sources */ = {isa = PBXBuildFile; fileRef = 74237B5626F8C386000E6B85 /* Page.swift */; };
		74237B5926F8C622000E6B85 /* TabBarPage.swift in Sources */ = {isa = PBXBuildFile; fileRef = 74237B5826F8C622000E6B85 /* TabBarPage.swift */; };
		74237B5B26F8C746000E6B85 /* SearchTeamPage.swift in Sources */ = {isa = PBXBuildFile; fileRef = 74237B5A26F8C746000E6B85 /* SearchTeamPage.swift */; };
		743A645626ED769300E0C944 /* StatisticTableViewCell.swift in Sources */ = {isa = PBXBuildFile; fileRef = 743A645526ED769300E0C944 /* StatisticTableViewCell.swift */; };
		743A645926ED7D8000E0C944 /* StatisticCellViewModel.swift in Sources */ = {isa = PBXBuildFile; fileRef = 743A645826ED7D8000E0C944 /* StatisticCellViewModel.swift */; };
		743A64A526EFD98C00E0C944 /* TabBarController.swift in Sources */ = {isa = PBXBuildFile; fileRef = 743A64A426EFD98C00E0C944 /* TabBarController.swift */; };
		743A64A726F0172900E0C944 /* TeamsViewController.swift in Sources */ = {isa = PBXBuildFile; fileRef = 743A64A626F0172900E0C944 /* TeamsViewController.swift */; };
		743A64AA26F0176800E0C944 /* TeamsViewModel.swift in Sources */ = {isa = PBXBuildFile; fileRef = 743A64A926F0176700E0C944 /* TeamsViewModel.swift */; };
		743A64AC26F0177F00E0C944 /* TeamsCoordinator.swift in Sources */ = {isa = PBXBuildFile; fileRef = 743A64AB26F0177F00E0C944 /* TeamsCoordinator.swift */; };
		743A64AE26F025EC00E0C944 /* Team.swift in Sources */ = {isa = PBXBuildFile; fileRef = 743A64AD26F025EC00E0C944 /* Team.swift */; };
		743A64B026F0278200E0C944 /* TeamTableViewCell.swift in Sources */ = {isa = PBXBuildFile; fileRef = 743A64AF26F0278200E0C944 /* TeamTableViewCell.swift */; };
		743A64B326F027A200E0C944 /* TeamCellViewModel.swift in Sources */ = {isa = PBXBuildFile; fileRef = 743A64B226F027A200E0C944 /* TeamCellViewModel.swift */; };
		743A64B526F02ACB00E0C944 /* TeamResult.swift in Sources */ = {isa = PBXBuildFile; fileRef = 743A64B426F02ACB00E0C944 /* TeamResult.swift */; };
		743A64B726F0331D00E0C944 /* TeamBuilder.swift in Sources */ = {isa = PBXBuildFile; fileRef = 743A64B626F0331D00E0C944 /* TeamBuilder.swift */; };
		743A64F426F571A800E0C944 /* TeamDetailsViewController.swift in Sources */ = {isa = PBXBuildFile; fileRef = 743A64F326F571A800E0C944 /* TeamDetailsViewController.swift */; };
		743A64F626F571DA00E0C944 /* TeamDetailsViewModel.swift in Sources */ = {isa = PBXBuildFile; fileRef = 743A64F526F571DA00E0C944 /* TeamDetailsViewModel.swift */; };
		743A64F826F5759C00E0C944 /* Player.swift in Sources */ = {isa = PBXBuildFile; fileRef = 743A64F726F5759C00E0C944 /* Player.swift */; };
		743A64FA26F57B1F00E0C944 /* TeamDetailsCoordinator.swift in Sources */ = {isa = PBXBuildFile; fileRef = 743A64F926F57B1F00E0C944 /* TeamDetailsCoordinator.swift */; };
		743A64FD26F57FF400E0C944 /* PlayerCellViewModel.swift in Sources */ = {isa = PBXBuildFile; fileRef = 743A64FC26F57FF400E0C944 /* PlayerCellViewModel.swift */; };
		743A650026F58EAF00E0C944 /* PlayerBuilder.swift in Sources */ = {isa = PBXBuildFile; fileRef = 743A64FF26F58EAF00E0C944 /* PlayerBuilder.swift */; };
		743A650326F6360600E0C944 /* DataModel.xcdatamodeld in Sources */ = {isa = PBXBuildFile; fileRef = 743A650126F6360500E0C944 /* DataModel.xcdatamodeld */; };
		743A650626F638A300E0C944 /* CoreDataService.swift in Sources */ = {isa = PBXBuildFile; fileRef = 743A650526F638A200E0C944 /* CoreDataService.swift */; };
		743A650D26F63BB200E0C944 /* MOPlayer+CoreDataClass.swift in Sources */ = {isa = PBXBuildFile; fileRef = 743A650726F63BB200E0C944 /* MOPlayer+CoreDataClass.swift */; };
		743A650E26F63BB200E0C944 /* MOPlayer+CoreDataProperties.swift in Sources */ = {isa = PBXBuildFile; fileRef = 743A650826F63BB200E0C944 /* MOPlayer+CoreDataProperties.swift */; };
		743A650F26F63BB200E0C944 /* MOTeam+CoreDataClass.swift in Sources */ = {isa = PBXBuildFile; fileRef = 743A650926F63BB200E0C944 /* MOTeam+CoreDataClass.swift */; };
		743A651026F63BB200E0C944 /* MOTeam+CoreDataProperties.swift in Sources */ = {isa = PBXBuildFile; fileRef = 743A650A26F63BB200E0C944 /* MOTeam+CoreDataProperties.swift */; };
		743A651126F63BB200E0C944 /* MOStadium+CoreDataClass.swift in Sources */ = {isa = PBXBuildFile; fileRef = 743A650B26F63BB200E0C944 /* MOStadium+CoreDataClass.swift */; };
		743A651226F63BB200E0C944 /* MOStadium+CoreDataProperties.swift in Sources */ = {isa = PBXBuildFile; fileRef = 743A650C26F63BB200E0C944 /* MOStadium+CoreDataProperties.swift */; };
		743A651526F69B5F00E0C944 /* Staubach.ttf in Resources */ = {isa = PBXBuildFile; fileRef = 743A651426F69B5E00E0C944 /* Staubach.ttf */; };
		7489ADCD26E413D900C4E4E9 /* MatchTableView.swift in Sources */ = {isa = PBXBuildFile; fileRef = 7489ADCC26E413D900C4E4E9 /* MatchTableView.swift */; };
		7489ADD026E4148800C4E4E9 /* MatchCellViewModel.swift in Sources */ = {isa = PBXBuildFile; fileRef = 7489ADCF26E4148800C4E4E9 /* MatchCellViewModel.swift */; };
		7489ADD226E414A600C4E4E9 /* MatchTableViewCell.swift in Sources */ = {isa = PBXBuildFile; fileRef = 7489ADD126E414A600C4E4E9 /* MatchTableViewCell.swift */; };
		7489ADD426E4195300C4E4E9 /* Match.swift in Sources */ = {isa = PBXBuildFile; fileRef = 7489ADD326E4195300C4E4E9 /* Match.swift */; };
		7489ADD626E5683500C4E4E9 /* URLRequest+QueryItem.swift in Sources */ = {isa = PBXBuildFile; fileRef = 7489ADD526E5683500C4E4E9 /* URLRequest+QueryItem.swift */; };
		7489ADD926E965C500C4E4E9 /* Legacy.ttf in Resources */ = {isa = PBXBuildFile; fileRef = 7489ADD826E965C500C4E4E9 /* Legacy.ttf */; };
		7489AE3C26EAB7B100C4E4E9 /* GoogleService-Info.plist in Resources */ = {isa = PBXBuildFile; fileRef = 7489AE3B26EAB7B100C4E4E9 /* GoogleService-Info.plist */; };
		7489AE4626EAFBF900C4E4E9 /* LeagueBuilder.swift in Sources */ = {isa = PBXBuildFile; fileRef = 7489AE4526EAFBF900C4E4E9 /* LeagueBuilder.swift */; };
		7489AE4826EAFCBA00C4E4E9 /* APIConfig.swift in Sources */ = {isa = PBXBuildFile; fileRef = 7489AE4726EAFCB900C4E4E9 /* APIConfig.swift */; };
		7489AE4A26EAFE0B00C4E4E9 /* EndPointFactory.swift in Sources */ = {isa = PBXBuildFile; fileRef = 7489AE4926EAFE0B00C4E4E9 /* EndPointFactory.swift */; };
		7489AE4C26EB01D300C4E4E9 /* MatchBuilder.swift in Sources */ = {isa = PBXBuildFile; fileRef = 7489AE4B26EB01D300C4E4E9 /* MatchBuilder.swift */; };
		7489AE4F26EC220100C4E4E9 /* StatisticCoordinator.swift in Sources */ = {isa = PBXBuildFile; fileRef = 7489AE4E26EC220100C4E4E9 /* StatisticCoordinator.swift */; };
		7489AE5126EC229900C4E4E9 /* StatisticViewController.swift in Sources */ = {isa = PBXBuildFile; fileRef = 7489AE5026EC229900C4E4E9 /* StatisticViewController.swift */; };
		7489AE5326EC23A600C4E4E9 /* StatisticViewModel.swift in Sources */ = {isa = PBXBuildFile; fileRef = 7489AE5226EC23A600C4E4E9 /* StatisticViewModel.swift */; };
		7489AE5526ED0CD000C4E4E9 /* Statistic.swift in Sources */ = {isa = PBXBuildFile; fileRef = 7489AE5426ED0CD000C4E4E9 /* Statistic.swift */; };
		7489AE5726ED108300C4E4E9 /* StatisticBuilder.swift in Sources */ = {isa = PBXBuildFile; fileRef = 7489AE5626ED108300C4E4E9 /* StatisticBuilder.swift */; };
		7489AE5926ED1FB600C4E4E9 /* MatchProxy.swift in Sources */ = {isa = PBXBuildFile; fileRef = 7489AE5826ED1FB600C4E4E9 /* MatchProxy.swift */; };
		74C842EC26F8D689001F3ED3 /* TeamDetailsPage.swift in Sources */ = {isa = PBXBuildFile; fileRef = 74C842EB26F8D689001F3ED3 /* TeamDetailsPage.swift */; };
		74C842EE26F8D8E0001F3ED3 /* NavigationBarPage.swift in Sources */ = {isa = PBXBuildFile; fileRef = 74C842ED26F8D8E0001F3ED3 /* NavigationBarPage.swift */; };
		74C842F026F8E4CB001F3ED3 /* DefaultsWrapper.swift in Sources */ = {isa = PBXBuildFile; fileRef = 74C842EF26F8E4CB001F3ED3 /* DefaultsWrapper.swift */; };
		74C8430A26F8F8FB001F3ED3 /* DefaultsWrapper.swift in Sources */ = {isa = PBXBuildFile; fileRef = 74C842EF26F8E4CB001F3ED3 /* DefaultsWrapper.swift */; };
		74C8431626F8FFC8001F3ED3 /* MainViewControllerSnapshotTests.swift in Sources */ = {isa = PBXBuildFile; fileRef = 74C8431526F8FFC8001F3ED3 /* MainViewControllerSnapshotTests.swift */; };
		74C8431D26F8FFD3001F3ED3 /* SnapshotTesting.framework in Frameworks */ = {isa = PBXBuildFile; fileRef = 74C8430B26F8FE83001F3ED3 /* SnapshotTesting.framework */; };
		74D1BA5326DDA16200A2A88E /* AppDelegate.swift in Sources */ = {isa = PBXBuildFile; fileRef = 74D1BA5226DDA16200A2A88E /* AppDelegate.swift */; };
		74D1BA5C26DDA16600A2A88E /* Assets.xcassets in Resources */ = {isa = PBXBuildFile; fileRef = 74D1BA5B26DDA16600A2A88E /* Assets.xcassets */; };
		74D1BA5F26DDA16600A2A88E /* LaunchScreen.storyboard in Resources */ = {isa = PBXBuildFile; fileRef = 74D1BA5D26DDA16600A2A88E /* LaunchScreen.storyboard */; };
		74D1BA6826DECFEF00A2A88E /* Coordinating.swift in Sources */ = {isa = PBXBuildFile; fileRef = 74D1BA6726DECFEF00A2A88E /* Coordinating.swift */; };
		74D1BAE326E0360300A2A88E /* MainViewController.swift in Sources */ = {isa = PBXBuildFile; fileRef = 74D1BAE226E0360300A2A88E /* MainViewController.swift */; };
		74D1BAE526E0362700A2A88E /* MainCoordinator.swift in Sources */ = {isa = PBXBuildFile; fileRef = 74D1BAE426E0362700A2A88E /* MainCoordinator.swift */; };
		74D1BAE726E03D7000A2A88E /* MainViewModel.swift in Sources */ = {isa = PBXBuildFile; fileRef = 74D1BAE626E03D7000A2A88E /* MainViewModel.swift */; };
		74D1BAE926E03EC100A2A88E /* ViewModelController.swift in Sources */ = {isa = PBXBuildFile; fileRef = 74D1BAE826E03EC100A2A88E /* ViewModelController.swift */; };
		74D1BAEC26E1227600A2A88E /* JSONParser.swift in Sources */ = {isa = PBXBuildFile; fileRef = 74D1BAEB26E1227600A2A88E /* JSONParser.swift */; };
		74D1BAEE26E1363300A2A88E /* League.swift in Sources */ = {isa = PBXBuildFile; fileRef = 74D1BAED26E1363300A2A88E /* League.swift */; };
		74D1BAF426E1421B00A2A88E /* URLBuilder.swift in Sources */ = {isa = PBXBuildFile; fileRef = 74D1BAF326E1421B00A2A88E /* URLBuilder.swift */; };
		74D1BAF626E18D1800A2A88E /* ImageCollectionView.swift in Sources */ = {isa = PBXBuildFile; fileRef = 74D1BAF526E18D1800A2A88E /* ImageCollectionView.swift */; };
		74D1BAF826E1913A00A2A88E /* ImageCollectionViewCell.swift in Sources */ = {isa = PBXBuildFile; fileRef = 74D1BAF726E1913900A2A88E /* ImageCollectionViewCell.swift */; };
		74D1BAFC26E1921B00A2A88E /* ImageCellViewModel.swift in Sources */ = {isa = PBXBuildFile; fileRef = 74D1BAFB26E1921B00A2A88E /* ImageCellViewModel.swift */; };
		74D1BB0226E2BDB400A2A88E /* ImageDataService.swift in Sources */ = {isa = PBXBuildFile; fileRef = 74D1BB0126E2BDB400A2A88E /* ImageDataService.swift */; };
/* End PBXBuildFile section */

/* Begin PBXContainerItemProxy section */
		74237A6C26F7E664000E6B85 /* PBXContainerItemProxy */ = {
			isa = PBXContainerItemProxy;
			containerPortal = 74D1BA4726DDA16200A2A88E /* Project object */;
			proxyType = 1;
			remoteGlobalIDString = 74D1BA4E26DDA16200A2A88E;
			remoteInfo = Soccer;
		};
		74237B5126F8C30C000E6B85 /* PBXContainerItemProxy */ = {
			isa = PBXContainerItemProxy;
			containerPortal = 74D1BA4726DDA16200A2A88E /* Project object */;
			proxyType = 1;
			remoteGlobalIDString = 74D1BA4E26DDA16200A2A88E;
			remoteInfo = Soccer;
		};
		74C8431826F8FFC8001F3ED3 /* PBXContainerItemProxy */ = {
			isa = PBXContainerItemProxy;
			containerPortal = 74D1BA4726DDA16200A2A88E /* Project object */;
			proxyType = 1;
			remoteGlobalIDString = 74D1BA4E26DDA16200A2A88E;
			remoteInfo = Soccer;
		};
/* End PBXContainerItemProxy section */

/* Begin PBXFileReference section */
		74237A6726F7E664000E6B85 /* SoccerTests.xctest */ = {isa = PBXFileReference; explicitFileType = wrapper.cfbundle; includeInIndex = 0; path = SoccerTests.xctest; sourceTree = BUILT_PRODUCTS_DIR; };
		74237A6B26F7E664000E6B85 /* Info.plist */ = {isa = PBXFileReference; lastKnownFileType = text.plist.xml; path = Info.plist; sourceTree = "<group>"; };
		74237A7126F7EB86000E6B85 /* .swiftlint.yml */ = {isa = PBXFileReference; fileEncoding = 4; lastKnownFileType = text.yaml; path = .swiftlint.yml; sourceTree = "<group>"; };
		74237AB526F7F6A0000E6B85 /* URLRequestTests.swift */ = {isa = PBXFileReference; lastKnownFileType = sourcecode.swift; path = URLRequestTests.swift; sourceTree = "<group>"; };
		74237AD026F802CC000E6B85 /* JSONParserMock.swift */ = {isa = PBXFileReference; lastKnownFileType = sourcecode.swift; path = JSONParserMock.swift; sourceTree = "<group>"; };
		74237AD426F80929000E6B85 /* LeagueResult.json */ = {isa = PBXFileReference; lastKnownFileType = text.json; path = LeagueResult.json; sourceTree = "<group>"; };
		74237AD626F80A9A000E6B85 /* XCTestCase+JSON.swift */ = {isa = PBXFileReference; lastKnownFileType = sourcecode.swift; path = "XCTestCase+JSON.swift"; sourceTree = "<group>"; };
		74237AD926F80DE8000E6B85 /* MainViewModelTests.swift */ = {isa = PBXFileReference; lastKnownFileType = sourcecode.swift; path = MainViewModelTests.swift; sourceTree = "<group>"; };
		74237ADD26F8208F000E6B85 /* MatchResult.json */ = {isa = PBXFileReference; lastKnownFileType = text.json; path = MatchResult.json; sourceTree = "<group>"; };
		74237ADF26F829BF000E6B85 /* StatisticViewModelTests.swift */ = {isa = PBXFileReference; lastKnownFileType = sourcecode.swift; path = StatisticViewModelTests.swift; sourceTree = "<group>"; };
		74237AE126F82B03000E6B85 /* MatchResponse.json */ = {isa = PBXFileReference; lastKnownFileType = text.json; path = MatchResponse.json; sourceTree = "<group>"; };
		74237AE326F82E94000E6B85 /* StatisticResult.json */ = {isa = PBXFileReference; lastKnownFileType = text.json; path = StatisticResult.json; sourceTree = "<group>"; };
		74237AE526F83230000E6B85 /* StatisticEncodingTests.swift */ = {isa = PBXFileReference; lastKnownFileType = sourcecode.swift; path = StatisticEncodingTests.swift; sourceTree = "<group>"; };
		74237AE826F84978000E6B85 /* Firebase.framework */ = {isa = PBXFileReference; lastKnownFileType = wrapper.framework; path = Firebase.framework; sourceTree = "<group>"; };
		74237AEC26F8498D000E6B85 /* GoogleUtilities.xcframework */ = {isa = PBXFileReference; lastKnownFileType = wrapper.xcframework; name = GoogleUtilities.xcframework; path = Carthage/Build/GoogleUtilities.xcframework; sourceTree = "<group>"; };
		74237AED26F8498D000E6B85 /* GoogleDataTransport.xcframework */ = {isa = PBXFileReference; lastKnownFileType = wrapper.xcframework; name = GoogleDataTransport.xcframework; path = Carthage/Build/GoogleDataTransport.xcframework; sourceTree = "<group>"; };
		74237AEE26F8498D000E6B85 /* FirebaseAnalytics.xcframework */ = {isa = PBXFileReference; lastKnownFileType = wrapper.xcframework; name = FirebaseAnalytics.xcframework; path = Carthage/Build/FirebaseAnalytics.xcframework; sourceTree = "<group>"; };
		74237AEF26F8498D000E6B85 /* PromisesObjC.xcframework */ = {isa = PBXFileReference; lastKnownFileType = wrapper.xcframework; name = PromisesObjC.xcframework; path = Carthage/Build/PromisesObjC.xcframework; sourceTree = "<group>"; };
		74237AF026F8498D000E6B85 /* FirebaseInstallations.xcframework */ = {isa = PBXFileReference; lastKnownFileType = wrapper.xcframework; name = FirebaseInstallations.xcframework; path = Carthage/Build/FirebaseInstallations.xcframework; sourceTree = "<group>"; };
		74237AF126F8498D000E6B85 /* nanopb.xcframework */ = {isa = PBXFileReference; lastKnownFileType = wrapper.xcframework; name = nanopb.xcframework; path = Carthage/Build/nanopb.xcframework; sourceTree = "<group>"; };
		74237AF226F8498D000E6B85 /* GoogleAppMeasurement.xcframework */ = {isa = PBXFileReference; lastKnownFileType = wrapper.xcframework; name = GoogleAppMeasurement.xcframework; path = Carthage/Build/GoogleAppMeasurement.xcframework; sourceTree = "<group>"; };
		74237AF326F8498D000E6B85 /* FirebaseCrashlytics.xcframework */ = {isa = PBXFileReference; lastKnownFileType = wrapper.xcframework; name = FirebaseCrashlytics.xcframework; path = Carthage/Build/FirebaseCrashlytics.xcframework; sourceTree = "<group>"; };
		74237AF426F8498D000E6B85 /* FirebaseCoreDiagnostics.xcframework */ = {isa = PBXFileReference; lastKnownFileType = wrapper.xcframework; name = FirebaseCoreDiagnostics.xcframework; path = Carthage/Build/FirebaseCoreDiagnostics.xcframework; sourceTree = "<group>"; };
		74237AF526F8498D000E6B85 /* FirebaseCore.xcframework */ = {isa = PBXFileReference; lastKnownFileType = wrapper.xcframework; name = FirebaseCore.xcframework; path = Carthage/Build/FirebaseCore.xcframework; sourceTree = "<group>"; };
		74237B1426F84A7D000E6B85 /* AdSupport.framework */ = {isa = PBXFileReference; lastKnownFileType = wrapper.framework; name = AdSupport.framework; path = System/Library/Frameworks/AdSupport.framework; sourceTree = SDKROOT; };
		74237B1626F84F16000E6B85 /* Debug.xcconfig */ = {isa = PBXFileReference; lastKnownFileType = text.xcconfig; path = Debug.xcconfig; sourceTree = "<group>"; };
		74237B1726F8509C000E6B85 /* Release.xcconfig */ = {isa = PBXFileReference; lastKnownFileType = text.xcconfig; path = Release.xcconfig; sourceTree = "<group>"; };
		74237B4C26F8C30C000E6B85 /* SoccerUITests.xctest */ = {isa = PBXFileReference; explicitFileType = wrapper.cfbundle; includeInIndex = 0; path = SoccerUITests.xctest; sourceTree = BUILT_PRODUCTS_DIR; };
		74237B4E26F8C30C000E6B85 /* SoccerUITests.swift */ = {isa = PBXFileReference; lastKnownFileType = sourcecode.swift; path = SoccerUITests.swift; sourceTree = "<group>"; };
		74237B5026F8C30C000E6B85 /* Info.plist */ = {isa = PBXFileReference; lastKnownFileType = text.plist.xml; path = Info.plist; sourceTree = "<group>"; };
		74237B5626F8C386000E6B85 /* Page.swift */ = {isa = PBXFileReference; lastKnownFileType = sourcecode.swift; path = Page.swift; sourceTree = "<group>"; };
		74237B5826F8C622000E6B85 /* TabBarPage.swift */ = {isa = PBXFileReference; lastKnownFileType = sourcecode.swift; path = TabBarPage.swift; sourceTree = "<group>"; };
		74237B5A26F8C746000E6B85 /* SearchTeamPage.swift */ = {isa = PBXFileReference; lastKnownFileType = sourcecode.swift; path = SearchTeamPage.swift; sourceTree = "<group>"; };
		743A645526ED769300E0C944 /* StatisticTableViewCell.swift */ = {isa = PBXFileReference; lastKnownFileType = sourcecode.swift; path = StatisticTableViewCell.swift; sourceTree = "<group>"; };
		743A645826ED7D8000E0C944 /* StatisticCellViewModel.swift */ = {isa = PBXFileReference; lastKnownFileType = sourcecode.swift; path = StatisticCellViewModel.swift; sourceTree = "<group>"; };
		743A64A426EFD98C00E0C944 /* TabBarController.swift */ = {isa = PBXFileReference; lastKnownFileType = sourcecode.swift; path = TabBarController.swift; sourceTree = "<group>"; };
		743A64A626F0172900E0C944 /* TeamsViewController.swift */ = {isa = PBXFileReference; lastKnownFileType = sourcecode.swift; path = TeamsViewController.swift; sourceTree = "<group>"; };
		743A64A926F0176700E0C944 /* TeamsViewModel.swift */ = {isa = PBXFileReference; lastKnownFileType = sourcecode.swift; path = TeamsViewModel.swift; sourceTree = "<group>"; };
		743A64AB26F0177F00E0C944 /* TeamsCoordinator.swift */ = {isa = PBXFileReference; lastKnownFileType = sourcecode.swift; path = TeamsCoordinator.swift; sourceTree = "<group>"; };
		743A64AD26F025EC00E0C944 /* Team.swift */ = {isa = PBXFileReference; lastKnownFileType = sourcecode.swift; path = Team.swift; sourceTree = "<group>"; };
		743A64AF26F0278200E0C944 /* TeamTableViewCell.swift */ = {isa = PBXFileReference; lastKnownFileType = sourcecode.swift; path = TeamTableViewCell.swift; sourceTree = "<group>"; };
		743A64B226F027A200E0C944 /* TeamCellViewModel.swift */ = {isa = PBXFileReference; lastKnownFileType = sourcecode.swift; path = TeamCellViewModel.swift; sourceTree = "<group>"; };
		743A64B426F02ACB00E0C944 /* TeamResult.swift */ = {isa = PBXFileReference; lastKnownFileType = sourcecode.swift; path = TeamResult.swift; sourceTree = "<group>"; };
		743A64B626F0331D00E0C944 /* TeamBuilder.swift */ = {isa = PBXFileReference; lastKnownFileType = sourcecode.swift; path = TeamBuilder.swift; sourceTree = "<group>"; };
		743A64F326F571A800E0C944 /* TeamDetailsViewController.swift */ = {isa = PBXFileReference; lastKnownFileType = sourcecode.swift; path = TeamDetailsViewController.swift; sourceTree = "<group>"; };
		743A64F526F571DA00E0C944 /* TeamDetailsViewModel.swift */ = {isa = PBXFileReference; lastKnownFileType = sourcecode.swift; path = TeamDetailsViewModel.swift; sourceTree = "<group>"; };
		743A64F726F5759C00E0C944 /* Player.swift */ = {isa = PBXFileReference; lastKnownFileType = sourcecode.swift; path = Player.swift; sourceTree = "<group>"; };
		743A64F926F57B1F00E0C944 /* TeamDetailsCoordinator.swift */ = {isa = PBXFileReference; lastKnownFileType = sourcecode.swift; path = TeamDetailsCoordinator.swift; sourceTree = "<group>"; };
		743A64FC26F57FF400E0C944 /* PlayerCellViewModel.swift */ = {isa = PBXFileReference; lastKnownFileType = sourcecode.swift; path = PlayerCellViewModel.swift; sourceTree = "<group>"; };
		743A64FF26F58EAF00E0C944 /* PlayerBuilder.swift */ = {isa = PBXFileReference; lastKnownFileType = sourcecode.swift; path = PlayerBuilder.swift; sourceTree = "<group>"; };
		743A650226F6360500E0C944 /* DataModel.xcdatamodel */ = {isa = PBXFileReference; lastKnownFileType = wrapper.xcdatamodel; path = DataModel.xcdatamodel; sourceTree = "<group>"; };
		743A650526F638A200E0C944 /* CoreDataService.swift */ = {isa = PBXFileReference; lastKnownFileType = sourcecode.swift; path = CoreDataService.swift; sourceTree = "<group>"; };
		743A650726F63BB200E0C944 /* MOPlayer+CoreDataClass.swift */ = {isa = PBXFileReference; lastKnownFileType = sourcecode.swift; path = "MOPlayer+CoreDataClass.swift"; sourceTree = "<group>"; };
		743A650826F63BB200E0C944 /* MOPlayer+CoreDataProperties.swift */ = {isa = PBXFileReference; lastKnownFileType = sourcecode.swift; path = "MOPlayer+CoreDataProperties.swift"; sourceTree = "<group>"; };
		743A650926F63BB200E0C944 /* MOTeam+CoreDataClass.swift */ = {isa = PBXFileReference; lastKnownFileType = sourcecode.swift; path = "MOTeam+CoreDataClass.swift"; sourceTree = "<group>"; };
		743A650A26F63BB200E0C944 /* MOTeam+CoreDataProperties.swift */ = {isa = PBXFileReference; lastKnownFileType = sourcecode.swift; path = "MOTeam+CoreDataProperties.swift"; sourceTree = "<group>"; };
		743A650B26F63BB200E0C944 /* MOStadium+CoreDataClass.swift */ = {isa = PBXFileReference; lastKnownFileType = sourcecode.swift; path = "MOStadium+CoreDataClass.swift"; sourceTree = "<group>"; };
		743A650C26F63BB200E0C944 /* MOStadium+CoreDataProperties.swift */ = {isa = PBXFileReference; lastKnownFileType = sourcecode.swift; path = "MOStadium+CoreDataProperties.swift"; sourceTree = "<group>"; };
		743A651426F69B5E00E0C944 /* Staubach.ttf */ = {isa = PBXFileReference; lastKnownFileType = file; path = Staubach.ttf; sourceTree = "<group>"; };
		7489ADCC26E413D900C4E4E9 /* MatchTableView.swift */ = {isa = PBXFileReference; lastKnownFileType = sourcecode.swift; path = MatchTableView.swift; sourceTree = "<group>"; };
		7489ADCF26E4148800C4E4E9 /* MatchCellViewModel.swift */ = {isa = PBXFileReference; lastKnownFileType = sourcecode.swift; path = MatchCellViewModel.swift; sourceTree = "<group>"; };
		7489ADD126E414A600C4E4E9 /* MatchTableViewCell.swift */ = {isa = PBXFileReference; lastKnownFileType = sourcecode.swift; path = MatchTableViewCell.swift; sourceTree = "<group>"; };
		7489ADD326E4195300C4E4E9 /* Match.swift */ = {isa = PBXFileReference; lastKnownFileType = sourcecode.swift; path = Match.swift; sourceTree = "<group>"; };
		7489ADD526E5683500C4E4E9 /* URLRequest+QueryItem.swift */ = {isa = PBXFileReference; lastKnownFileType = sourcecode.swift; path = "URLRequest+QueryItem.swift"; sourceTree = "<group>"; };
		7489ADD826E965C500C4E4E9 /* Legacy.ttf */ = {isa = PBXFileReference; lastKnownFileType = file; path = Legacy.ttf; sourceTree = "<group>"; };
		7489AE3B26EAB7B100C4E4E9 /* GoogleService-Info.plist */ = {isa = PBXFileReference; fileEncoding = 4; lastKnownFileType = text.plist.xml; path = "GoogleService-Info.plist"; sourceTree = "<group>"; };
		7489AE4526EAFBF900C4E4E9 /* LeagueBuilder.swift */ = {isa = PBXFileReference; lastKnownFileType = sourcecode.swift; path = LeagueBuilder.swift; sourceTree = "<group>"; };
		7489AE4726EAFCB900C4E4E9 /* APIConfig.swift */ = {isa = PBXFileReference; lastKnownFileType = sourcecode.swift; path = APIConfig.swift; sourceTree = "<group>"; };
		7489AE4926EAFE0B00C4E4E9 /* EndPointFactory.swift */ = {isa = PBXFileReference; lastKnownFileType = sourcecode.swift; path = EndPointFactory.swift; sourceTree = "<group>"; };
		7489AE4B26EB01D300C4E4E9 /* MatchBuilder.swift */ = {isa = PBXFileReference; lastKnownFileType = sourcecode.swift; path = MatchBuilder.swift; sourceTree = "<group>"; };
		7489AE4E26EC220100C4E4E9 /* StatisticCoordinator.swift */ = {isa = PBXFileReference; lastKnownFileType = sourcecode.swift; path = StatisticCoordinator.swift; sourceTree = "<group>"; };
		7489AE5026EC229900C4E4E9 /* StatisticViewController.swift */ = {isa = PBXFileReference; lastKnownFileType = sourcecode.swift; name = StatisticViewController.swift; path = soccer/Modules/Statistic/StatisticViewController.swift; sourceTree = SOURCE_ROOT; };
		7489AE5226EC23A600C4E4E9 /* StatisticViewModel.swift */ = {isa = PBXFileReference; lastKnownFileType = sourcecode.swift; path = StatisticViewModel.swift; sourceTree = "<group>"; };
		7489AE5426ED0CD000C4E4E9 /* Statistic.swift */ = {isa = PBXFileReference; lastKnownFileType = sourcecode.swift; path = Statistic.swift; sourceTree = "<group>"; };
		7489AE5626ED108300C4E4E9 /* StatisticBuilder.swift */ = {isa = PBXFileReference; lastKnownFileType = sourcecode.swift; path = StatisticBuilder.swift; sourceTree = "<group>"; };
		7489AE5826ED1FB600C4E4E9 /* MatchProxy.swift */ = {isa = PBXFileReference; lastKnownFileType = sourcecode.swift; path = MatchProxy.swift; sourceTree = "<group>"; };
		74C842EB26F8D689001F3ED3 /* TeamDetailsPage.swift */ = {isa = PBXFileReference; lastKnownFileType = sourcecode.swift; path = TeamDetailsPage.swift; sourceTree = "<group>"; };
		74C842ED26F8D8E0001F3ED3 /* NavigationBarPage.swift */ = {isa = PBXFileReference; lastKnownFileType = sourcecode.swift; path = NavigationBarPage.swift; sourceTree = "<group>"; };
		74C842EF26F8E4CB001F3ED3 /* DefaultsWrapper.swift */ = {isa = PBXFileReference; lastKnownFileType = sourcecode.swift; path = DefaultsWrapper.swift; sourceTree = "<group>"; };
		74C8430B26F8FE83001F3ED3 /* SnapshotTesting.framework */ = {isa = PBXFileReference; lastKnownFileType = wrapper.framework; name = SnapshotTesting.framework; path = Carthage/Build/iOS/SnapshotTesting.framework; sourceTree = "<group>"; };
		74C8431326F8FFC8001F3ED3 /* SoccerSnapshotTests.xctest */ = {isa = PBXFileReference; explicitFileType = wrapper.cfbundle; includeInIndex = 0; path = SoccerSnapshotTests.xctest; sourceTree = BUILT_PRODUCTS_DIR; };
		74C8431526F8FFC8001F3ED3 /* MainViewControllerSnapshotTests.swift */ = {isa = PBXFileReference; lastKnownFileType = sourcecode.swift; path = MainViewControllerSnapshotTests.swift; sourceTree = "<group>"; };
		74C8431726F8FFC8001F3ED3 /* Info.plist */ = {isa = PBXFileReference; lastKnownFileType = text.plist.xml; path = Info.plist; sourceTree = "<group>"; };
		74D1BA4F26DDA16200A2A88E /* Soccer.app */ = {isa = PBXFileReference; explicitFileType = wrapper.application; includeInIndex = 0; path = Soccer.app; sourceTree = BUILT_PRODUCTS_DIR; };
		74D1BA5226DDA16200A2A88E /* AppDelegate.swift */ = {isa = PBXFileReference; lastKnownFileType = sourcecode.swift; path = AppDelegate.swift; sourceTree = "<group>"; };
		74D1BA5B26DDA16600A2A88E /* Assets.xcassets */ = {isa = PBXFileReference; lastKnownFileType = folder.assetcatalog; path = Assets.xcassets; sourceTree = "<group>"; };
		74D1BA5E26DDA16600A2A88E /* Base */ = {isa = PBXFileReference; lastKnownFileType = file.storyboard; name = Base; path = Base.lproj/LaunchScreen.storyboard; sourceTree = "<group>"; };
		74D1BA6026DDA16600A2A88E /* Info.plist */ = {isa = PBXFileReference; lastKnownFileType = text.plist.xml; path = Info.plist; sourceTree = "<group>"; };
		74D1BA6726DECFEF00A2A88E /* Coordinating.swift */ = {isa = PBXFileReference; lastKnownFileType = sourcecode.swift; path = Coordinating.swift; sourceTree = "<group>"; };
		74D1BAE226E0360300A2A88E /* MainViewController.swift */ = {isa = PBXFileReference; lastKnownFileType = sourcecode.swift; path = MainViewController.swift; sourceTree = "<group>"; };
		74D1BAE426E0362700A2A88E /* MainCoordinator.swift */ = {isa = PBXFileReference; lastKnownFileType = sourcecode.swift; path = MainCoordinator.swift; sourceTree = "<group>"; };
		74D1BAE626E03D7000A2A88E /* MainViewModel.swift */ = {isa = PBXFileReference; lastKnownFileType = sourcecode.swift; path = MainViewModel.swift; sourceTree = "<group>"; };
		74D1BAE826E03EC100A2A88E /* ViewModelController.swift */ = {isa = PBXFileReference; lastKnownFileType = sourcecode.swift; path = ViewModelController.swift; sourceTree = "<group>"; };
		74D1BAEB26E1227600A2A88E /* JSONParser.swift */ = {isa = PBXFileReference; lastKnownFileType = sourcecode.swift; path = JSONParser.swift; sourceTree = "<group>"; };
		74D1BAED26E1363300A2A88E /* League.swift */ = {isa = PBXFileReference; lastKnownFileType = sourcecode.swift; path = League.swift; sourceTree = "<group>"; };
		74D1BAF326E1421B00A2A88E /* URLBuilder.swift */ = {isa = PBXFileReference; lastKnownFileType = sourcecode.swift; path = URLBuilder.swift; sourceTree = "<group>"; };
		74D1BAF526E18D1800A2A88E /* ImageCollectionView.swift */ = {isa = PBXFileReference; lastKnownFileType = sourcecode.swift; path = ImageCollectionView.swift; sourceTree = "<group>"; };
		74D1BAF726E1913900A2A88E /* ImageCollectionViewCell.swift */ = {isa = PBXFileReference; lastKnownFileType = sourcecode.swift; path = ImageCollectionViewCell.swift; sourceTree = "<group>"; };
		74D1BAFB26E1921B00A2A88E /* ImageCellViewModel.swift */ = {isa = PBXFileReference; lastKnownFileType = sourcecode.swift; path = ImageCellViewModel.swift; sourceTree = "<group>"; };
		74D1BAFE26E1A56E00A2A88E /* .swiftlint.yml */ = {isa = PBXFileReference; lastKnownFileType = text.yaml; path = .swiftlint.yml; sourceTree = "<group>"; };
		74D1BB0126E2BDB400A2A88E /* ImageDataService.swift */ = {isa = PBXFileReference; lastKnownFileType = sourcecode.swift; path = ImageDataService.swift; sourceTree = "<group>"; };
/* End PBXFileReference section */

/* Begin PBXFrameworksBuildPhase section */
		74237A6426F7E664000E6B85 /* Frameworks */ = {
			isa = PBXFrameworksBuildPhase;
			buildActionMask = 2147483647;
			files = (
				74237B0E26F849F8000E6B85 /* FirebaseAnalytics.xcframework in Frameworks */,
				74237B0B26F849F8000E6B85 /* FirebaseCoreDiagnostics.xcframework in Frameworks */,
				74237B1126F849F8000E6B85 /* FirebaseInstallations.xcframework in Frameworks */,
				74237B1026F849F8000E6B85 /* FirebaseCore.xcframework in Frameworks */,
				74237B0C26F849F8000E6B85 /* GoogleAppMeasurement.xcframework in Frameworks */,
				74237B1226F849F8000E6B85 /* GoogleUtilities.xcframework in Frameworks */,
				74237B1326F849F8000E6B85 /* FirebaseCrashlytics.xcframework in Frameworks */,
				74237B0F26F849F8000E6B85 /* nanopb.xcframework in Frameworks */,
				74237B0D26F849F8000E6B85 /* GoogleDataTransport.xcframework in Frameworks */,
				74237B0A26F849F8000E6B85 /* PromisesObjC.xcframework in Frameworks */,
			);
			runOnlyForDeploymentPostprocessing = 0;
		};
		74237B4926F8C30C000E6B85 /* Frameworks */ = {
			isa = PBXFrameworksBuildPhase;
			buildActionMask = 2147483647;
			files = (
			);
			runOnlyForDeploymentPostprocessing = 0;
		};
		74C8431026F8FFC8001F3ED3 /* Frameworks */ = {
			isa = PBXFrameworksBuildPhase;
			buildActionMask = 2147483647;
			files = (
				74C8431D26F8FFD3001F3ED3 /* SnapshotTesting.framework in Frameworks */,
			);
			runOnlyForDeploymentPostprocessing = 0;
		};
		74D1BA4C26DDA16200A2A88E /* Frameworks */ = {
			isa = PBXFrameworksBuildPhase;
			buildActionMask = 2147483647;
			files = (
				74237AF826F8498D000E6B85 /* GoogleDataTransport.xcframework in Frameworks */,
				74237B0826F8498D000E6B85 /* FirebaseCore.xcframework in Frameworks */,
				74237AFA26F8498D000E6B85 /* FirebaseAnalytics.xcframework in Frameworks */,
				74237B0426F8498D000E6B85 /* FirebaseCrashlytics.xcframework in Frameworks */,
				74237AFE26F8498D000E6B85 /* FirebaseInstallations.xcframework in Frameworks */,
				74237AF626F8498D000E6B85 /* GoogleUtilities.xcframework in Frameworks */,
				74237B0626F8498D000E6B85 /* FirebaseCoreDiagnostics.xcframework in Frameworks */,
				74237B1526F84A7D000E6B85 /* AdSupport.framework in Frameworks */,
				74237AFC26F8498D000E6B85 /* PromisesObjC.xcframework in Frameworks */,
				74237B0226F8498D000E6B85 /* GoogleAppMeasurement.xcframework in Frameworks */,
				74237B0026F8498D000E6B85 /* nanopb.xcframework in Frameworks */,
			);
			runOnlyForDeploymentPostprocessing = 0;
		};
/* End PBXFrameworksBuildPhase section */

/* Begin PBXGroup section */
		74237A6826F7E664000E6B85 /* SoccerTests */ = {
			isa = PBXGroup;
			children = (
				74237A7126F7EB86000E6B85 /* .swiftlint.yml */,
				74237A6B26F7E664000E6B85 /* Info.plist */,
				74237AB526F7F6A0000E6B85 /* URLRequestTests.swift */,
				74237AD926F80DE8000E6B85 /* MainViewModelTests.swift */,
				74237ADF26F829BF000E6B85 /* StatisticViewModelTests.swift */,
				74237ADC26F81FED000E6B85 /* JSONs */,
				74237ADB26F81FDA000E6B85 /* Mocks */,
				74237AD826F80AA0000E6B85 /* Extensions */,
				74237AE526F83230000E6B85 /* StatisticEncodingTests.swift */,
			);
			path = SoccerTests;
			sourceTree = "<group>";
		};
		74237AD826F80AA0000E6B85 /* Extensions */ = {
			isa = PBXGroup;
			children = (
				74237AD626F80A9A000E6B85 /* XCTestCase+JSON.swift */,
			);
			path = Extensions;
			sourceTree = "<group>";
		};
		74237ADB26F81FDA000E6B85 /* Mocks */ = {
			isa = PBXGroup;
			children = (
				74237AD026F802CC000E6B85 /* JSONParserMock.swift */,
			);
			path = Mocks;
			sourceTree = "<group>";
		};
		74237ADC26F81FED000E6B85 /* JSONs */ = {
			isa = PBXGroup;
			children = (
				74237AD426F80929000E6B85 /* LeagueResult.json */,
				74237ADD26F8208F000E6B85 /* MatchResult.json */,
				74237AE126F82B03000E6B85 /* MatchResponse.json */,
				74237AE326F82E94000E6B85 /* StatisticResult.json */,
			);
			path = JSONs;
			sourceTree = "<group>";
		};
		74237B4D26F8C30C000E6B85 /* SoccerUITests */ = {
			isa = PBXGroup;
			children = (
				74237B4E26F8C30C000E6B85 /* SoccerUITests.swift */,
				74237B5626F8C386000E6B85 /* Page.swift */,
				74237B5826F8C622000E6B85 /* TabBarPage.swift */,
				74237B5A26F8C746000E6B85 /* SearchTeamPage.swift */,
				74C842EB26F8D689001F3ED3 /* TeamDetailsPage.swift */,
				74C842ED26F8D8E0001F3ED3 /* NavigationBarPage.swift */,
				74237B5026F8C30C000E6B85 /* Info.plist */,
			);
			path = SoccerUITests;
			sourceTree = "<group>";
		};
		743A645726ED76C600E0C944 /* Views */ = {
			isa = PBXGroup;
			children = (
				743A645826ED7D8000E0C944 /* StatisticCellViewModel.swift */,
				743A645526ED769300E0C944 /* StatisticTableViewCell.swift */,
			);
			path = Views;
			sourceTree = "<group>";
		};
		743A64A226EEDB8300E0C944 /* Protocols */ = {
			isa = PBXGroup;
			children = (
				74D1BA6726DECFEF00A2A88E /* Coordinating.swift */,
				74D1BAF326E1421B00A2A88E /* URLBuilder.swift */,
			);
			path = Protocols;
			sourceTree = "<group>";
		};
		743A64A326EEDB9200E0C944 /* Controllers */ = {
			isa = PBXGroup;
			children = (
				74D1BAE826E03EC100A2A88E /* ViewModelController.swift */,
			);
			path = Controllers;
			sourceTree = "<group>";
		};
		743A64A826F0173A00E0C944 /* Teams */ = {
			isa = PBXGroup;
			children = (
				743A64AB26F0177F00E0C944 /* TeamsCoordinator.swift */,
				743A64A926F0176700E0C944 /* TeamsViewModel.swift */,
				743A64A626F0172900E0C944 /* TeamsViewController.swift */,
				743A64B126F0278D00E0C944 /* Views */,
			);
			path = Teams;
			sourceTree = "<group>";
		};
		743A64B126F0278D00E0C944 /* Views */ = {
			isa = PBXGroup;
			children = (
				743A64B226F027A200E0C944 /* TeamCellViewModel.swift */,
				743A64AF26F0278200E0C944 /* TeamTableViewCell.swift */,
			);
			path = Views;
			sourceTree = "<group>";
		};
		743A64EF26F570EA00E0C944 /* Root */ = {
			isa = PBXGroup;
			children = (
				743A64A426EFD98C00E0C944 /* TabBarController.swift */,
			);
			path = Root;
			sourceTree = "<group>";
		};
		743A64F226F5713100E0C944 /* TeamDetails */ = {
			isa = PBXGroup;
			children = (
				743A64F926F57B1F00E0C944 /* TeamDetailsCoordinator.swift */,
				743A64F526F571DA00E0C944 /* TeamDetailsViewModel.swift */,
				743A64F326F571A800E0C944 /* TeamDetailsViewController.swift */,
				743A64FB26F57FDD00E0C944 /* Views */,
			);
			path = TeamDetails;
			sourceTree = "<group>";
		};
		743A64FB26F57FDD00E0C944 /* Views */ = {
			isa = PBXGroup;
			children = (
				743A64FC26F57FF400E0C944 /* PlayerCellViewModel.swift */,
			);
			path = Views;
			sourceTree = "<group>";
		};
		743A64FE26F58E9700E0C944 /* Builders */ = {
			isa = PBXGroup;
			children = (
				7489AE4526EAFBF900C4E4E9 /* LeagueBuilder.swift */,
				7489AE4B26EB01D300C4E4E9 /* MatchBuilder.swift */,
				7489AE5626ED108300C4E4E9 /* StatisticBuilder.swift */,
				743A64B626F0331D00E0C944 /* TeamBuilder.swift */,
				743A64FF26F58EAF00E0C944 /* PlayerBuilder.swift */,
			);
			path = Builders;
			sourceTree = "<group>";
		};
		743A650426F6362600E0C944 /* CoreData */ = {
			isa = PBXGroup;
			children = (
				743A650126F6360500E0C944 /* DataModel.xcdatamodeld */,
				743A650726F63BB200E0C944 /* MOPlayer+CoreDataClass.swift */,
				743A650826F63BB200E0C944 /* MOPlayer+CoreDataProperties.swift */,
				743A650926F63BB200E0C944 /* MOTeam+CoreDataClass.swift */,
				743A650A26F63BB200E0C944 /* MOTeam+CoreDataProperties.swift */,
				743A650B26F63BB200E0C944 /* MOStadium+CoreDataClass.swift */,
				743A650C26F63BB200E0C944 /* MOStadium+CoreDataProperties.swift */,
			);
			path = CoreData;
			sourceTree = "<group>";
		};
		743A651326F687BF00E0C944 /* Views */ = {
			isa = PBXGroup;
			children = (
				74D1BAF526E18D1800A2A88E /* ImageCollectionView.swift */,
				74D1BAFA26E191AA00A2A88E /* CollectionCell */,
			);
			path = Views;
			sourceTree = "<group>";
		};
		7489ADCB26E413BE00C4E4E9 /* Table */ = {
			isa = PBXGroup;
			children = (
				7489ADCC26E413D900C4E4E9 /* MatchTableView.swift */,
				7489ADCE26E4143B00C4E4E9 /* TableCell */,
			);
			path = Table;
			sourceTree = "<group>";
		};
		7489ADCE26E4143B00C4E4E9 /* TableCell */ = {
			isa = PBXGroup;
			children = (
				7489ADCF26E4148800C4E4E9 /* MatchCellViewModel.swift */,
				7489ADD126E414A600C4E4E9 /* MatchTableViewCell.swift */,
			);
			path = TableCell;
			sourceTree = "<group>";
		};
		7489ADD726E965AC00C4E4E9 /* Fonts */ = {
			isa = PBXGroup;
			children = (
				7489ADD826E965C500C4E4E9 /* Legacy.ttf */,
				743A651426F69B5E00E0C944 /* Staubach.ttf */,
			);
			path = Fonts;
			sourceTree = "<group>";
		};
		7489AE0726EAADF800C4E4E9 /* Frameworks */ = {
			isa = PBXGroup;
			children = (
				74C8430B26F8FE83001F3ED3 /* SnapshotTesting.framework */,
				74237B1426F84A7D000E6B85 /* AdSupport.framework */,
				74237AEE26F8498D000E6B85 /* FirebaseAnalytics.xcframework */,
				74237AF526F8498D000E6B85 /* FirebaseCore.xcframework */,
				74237AF426F8498D000E6B85 /* FirebaseCoreDiagnostics.xcframework */,
				74237AF326F8498D000E6B85 /* FirebaseCrashlytics.xcframework */,
				74237AF026F8498D000E6B85 /* FirebaseInstallations.xcframework */,
				74237AF226F8498D000E6B85 /* GoogleAppMeasurement.xcframework */,
				74237AED26F8498D000E6B85 /* GoogleDataTransport.xcframework */,
				74237AEC26F8498D000E6B85 /* GoogleUtilities.xcframework */,
				74237AF126F8498D000E6B85 /* nanopb.xcframework */,
				74237AEF26F8498D000E6B85 /* PromisesObjC.xcframework */,
				74237AE826F84978000E6B85 /* Firebase.framework */,
			);
			name = Frameworks;
			sourceTree = "<group>";
		};
		7489AE4D26EC21DD00C4E4E9 /* Statistic */ = {
			isa = PBXGroup;
			children = (
				7489AE4E26EC220100C4E4E9 /* StatisticCoordinator.swift */,
				7489AE5226EC23A600C4E4E9 /* StatisticViewModel.swift */,
				7489AE5026EC229900C4E4E9 /* StatisticViewController.swift */,
				743A645726ED76C600E0C944 /* Views */,
			);
			path = Statistic;
			sourceTree = "<group>";
		};
		74C8431426F8FFC8001F3ED3 /* SoccerSnapshotTests */ = {
			isa = PBXGroup;
			children = (
				74C8431526F8FFC8001F3ED3 /* MainViewControllerSnapshotTests.swift */,
				74C8431726F8FFC8001F3ED3 /* Info.plist */,
			);
			path = SoccerSnapshotTests;
			sourceTree = "<group>";
		};
		74D1BA4626DDA16200A2A88E = {
			isa = PBXGroup;
			children = (
				74D1BAFE26E1A56E00A2A88E /* .swiftlint.yml */,
				74D1BA5126DDA16200A2A88E /* Soccer */,
				74237A6826F7E664000E6B85 /* SoccerTests */,
				74237B4D26F8C30C000E6B85 /* SoccerUITests */,
				74C8431426F8FFC8001F3ED3 /* SoccerSnapshotTests */,
				74D1BA5026DDA16200A2A88E /* Products */,
				7489AE0726EAADF800C4E4E9 /* Frameworks */,
			);
			sourceTree = "<group>";
		};
		74D1BA5026DDA16200A2A88E /* Products */ = {
			isa = PBXGroup;
			children = (
				74D1BA4F26DDA16200A2A88E /* Soccer.app */,
				74237A6726F7E664000E6B85 /* SoccerTests.xctest */,
				74237B4C26F8C30C000E6B85 /* SoccerUITests.xctest */,
				74C8431326F8FFC8001F3ED3 /* SoccerSnapshotTests.xctest */,
			);
			name = Products;
			sourceTree = "<group>";
		};
		74D1BA5126DDA16200A2A88E /* Soccer */ = {
			isa = PBXGroup;
			children = (
				74D1BA6A26DED58F00A2A88E /* Abstract */,
				74D1BAEF26E1364000A2A88E /* Models */,
				74D1BADF26E0352F00A2A88E /* Modules */,
				74D1BAEA26E121F100A2A88E /* Services */,
				74D1BAF026E139D900A2A88E /* Extensions */,
				74D1BADE26E0351D00A2A88E /* Resources */,
				74D1BA6D26DEDE8D00A2A88E /* Supports */,
			);
			path = Soccer;
			sourceTree = "<group>";
		};
		74D1BA6926DED4D000A2A88E /* Application */ = {
			isa = PBXGroup;
			children = (
				74D1BA5226DDA16200A2A88E /* AppDelegate.swift */,
				74D1BA5D26DDA16600A2A88E /* LaunchScreen.storyboard */,
			);
			path = Application;
			sourceTree = "<group>";
		};
		74D1BA6A26DED58F00A2A88E /* Abstract */ = {
			isa = PBXGroup;
			children = (
				743A64A226EEDB8300E0C944 /* Protocols */,
				743A64A326EEDB9200E0C944 /* Controllers */,
				7489AE4726EAFCB900C4E4E9 /* APIConfig.swift */,
				7489AE4926EAFE0B00C4E4E9 /* EndPointFactory.swift */,
				743A64FE26F58E9700E0C944 /* Builders */,
				743A651326F687BF00E0C944 /* Views */,
				74C842EF26F8E4CB001F3ED3 /* DefaultsWrapper.swift */,
			);
			path = Abstract;
			sourceTree = "<group>";
		};
		74D1BA6D26DEDE8D00A2A88E /* Supports */ = {
			isa = PBXGroup;
			children = (
				74237B1626F84F16000E6B85 /* Debug.xcconfig */,
				74237B1726F8509C000E6B85 /* Release.xcconfig */,
				74D1BA6026DDA16600A2A88E /* Info.plist */,
				7489AE3B26EAB7B100C4E4E9 /* GoogleService-Info.plist */,
			);
			path = Supports;
			sourceTree = "<group>";
		};
		74D1BADE26E0351D00A2A88E /* Resources */ = {
			isa = PBXGroup;
			children = (
				74D1BA5B26DDA16600A2A88E /* Assets.xcassets */,
				7489ADD726E965AC00C4E4E9 /* Fonts */,
			);
			path = Resources;
			sourceTree = "<group>";
		};
		74D1BADF26E0352F00A2A88E /* Modules */ = {
			isa = PBXGroup;
			children = (
				74D1BA6926DED4D000A2A88E /* Application */,
				743A64EF26F570EA00E0C944 /* Root */,
				74D1BAE126E035E600A2A88E /* Main */,
				7489AE4D26EC21DD00C4E4E9 /* Statistic */,
				743A64A826F0173A00E0C944 /* Teams */,
				743A64F226F5713100E0C944 /* TeamDetails */,
			);
			path = Modules;
			sourceTree = "<group>";
		};
		74D1BAE126E035E600A2A88E /* Main */ = {
			isa = PBXGroup;
			children = (
				74D1BAE426E0362700A2A88E /* MainCoordinator.swift */,
				74D1BAE626E03D7000A2A88E /* MainViewModel.swift */,
				74D1BAE226E0360300A2A88E /* MainViewController.swift */,
				74D1BAF926E1918F00A2A88E /* Views */,
			);
			path = Main;
			sourceTree = "<group>";
		};
		74D1BAEA26E121F100A2A88E /* Services */ = {
			isa = PBXGroup;
			children = (
				74D1BAEB26E1227600A2A88E /* JSONParser.swift */,
				74D1BB0126E2BDB400A2A88E /* ImageDataService.swift */,
				743A650526F638A200E0C944 /* CoreDataService.swift */,
			);
			path = Services;
			sourceTree = "<group>";
		};
		74D1BAEF26E1364000A2A88E /* Models */ = {
			isa = PBXGroup;
			children = (
				743A650426F6362600E0C944 /* CoreData */,
				74D1BAED26E1363300A2A88E /* League.swift */,
				7489ADD326E4195300C4E4E9 /* Match.swift */,
				7489AE5426ED0CD000C4E4E9 /* Statistic.swift */,
				7489AE5826ED1FB600C4E4E9 /* MatchProxy.swift */,
				743A64B426F02ACB00E0C944 /* TeamResult.swift */,
				743A64AD26F025EC00E0C944 /* Team.swift */,
				743A64F726F5759C00E0C944 /* Player.swift */,
			);
			path = Models;
			sourceTree = "<group>";
		};
		74D1BAF026E139D900A2A88E /* Extensions */ = {
			isa = PBXGroup;
			children = (
				7489ADD526E5683500C4E4E9 /* URLRequest+QueryItem.swift */,
			);
			path = Extensions;
			sourceTree = "<group>";
		};
		74D1BAF926E1918F00A2A88E /* Views */ = {
			isa = PBXGroup;
			children = (
				7489ADCB26E413BE00C4E4E9 /* Table */,
			);
			path = Views;
			sourceTree = "<group>";
		};
		74D1BAFA26E191AA00A2A88E /* CollectionCell */ = {
			isa = PBXGroup;
			children = (
				74D1BAFB26E1921B00A2A88E /* ImageCellViewModel.swift */,
				74D1BAF726E1913900A2A88E /* ImageCollectionViewCell.swift */,
			);
			path = CollectionCell;
			sourceTree = "<group>";
		};
/* End PBXGroup section */

/* Begin PBXNativeTarget section */
		74237A6626F7E664000E6B85 /* SoccerTests */ = {
			isa = PBXNativeTarget;
			buildConfigurationList = 74237A7026F7E664000E6B85 /* Build configuration list for PBXNativeTarget "SoccerTests" */;
			buildPhases = (
				74237A6326F7E664000E6B85 /* Sources */,
				74237A6426F7E664000E6B85 /* Frameworks */,
				74237A6526F7E664000E6B85 /* Resources */,
			);
			buildRules = (
			);
			dependencies = (
				74237A6D26F7E664000E6B85 /* PBXTargetDependency */,
			);
			name = SoccerTests;
			productName = SoccerTests;
			productReference = 74237A6726F7E664000E6B85 /* SoccerTests.xctest */;
			productType = "com.apple.product-type.bundle.unit-test";
		};
		74237B4B26F8C30C000E6B85 /* SoccerUITests */ = {
			isa = PBXNativeTarget;
			buildConfigurationList = 74237B5526F8C30C000E6B85 /* Build configuration list for PBXNativeTarget "SoccerUITests" */;
			buildPhases = (
				74237B4826F8C30C000E6B85 /* Sources */,
				74237B4926F8C30C000E6B85 /* Frameworks */,
				74237B4A26F8C30C000E6B85 /* Resources */,
			);
			buildRules = (
			);
			dependencies = (
				74237B5226F8C30C000E6B85 /* PBXTargetDependency */,
			);
			name = SoccerUITests;
			productName = SoccerUITests;
			productReference = 74237B4C26F8C30C000E6B85 /* SoccerUITests.xctest */;
			productType = "com.apple.product-type.bundle.ui-testing";
		};
		74C8431226F8FFC8001F3ED3 /* SoccerSnapshotTests */ = {
			isa = PBXNativeTarget;
			buildConfigurationList = 74C8431A26F8FFC8001F3ED3 /* Build configuration list for PBXNativeTarget "SoccerSnapshotTests" */;
			buildPhases = (
				74C8430F26F8FFC8001F3ED3 /* Sources */,
				74C8431026F8FFC8001F3ED3 /* Frameworks */,
				74C8431126F8FFC8001F3ED3 /* Resources */,
				74C8431E26F9011D001F3ED3 /* Carthage Script */,
			);
			buildRules = (
			);
			dependencies = (
				74C8431926F8FFC8001F3ED3 /* PBXTargetDependency */,
			);
			name = SoccerSnapshotTests;
			productName = SoccerSnapshotTests;
			productReference = 74C8431326F8FFC8001F3ED3 /* SoccerSnapshotTests.xctest */;
			productType = "com.apple.product-type.bundle.unit-test";
		};
		74D1BA4E26DDA16200A2A88E /* Soccer */ = {
			isa = PBXNativeTarget;
			buildConfigurationList = 74D1BA6326DDA16600A2A88E /* Build configuration list for PBXNativeTarget "Soccer" */;
			buildPhases = (
				74D1BA4B26DDA16200A2A88E /* Sources */,
				74D1BA4C26DDA16200A2A88E /* Frameworks */,
				74D1BA4D26DDA16200A2A88E /* Resources */,
				74D1BA6626DE9E9900A2A88E /* Swiftlint */,
				7489AE1126EAAFCF00C4E4E9 /* Crashlytics */,
			);
			buildRules = (
			);
			dependencies = (
			);
			name = Soccer;
			productName = soccer;
			productReference = 74D1BA4F26DDA16200A2A88E /* Soccer.app */;
			productType = "com.apple.product-type.application";
		};
/* End PBXNativeTarget section */

/* Begin PBXProject section */
		74D1BA4726DDA16200A2A88E /* Project object */ = {
			isa = PBXProject;
			attributes = {
				LastSwiftUpdateCheck = 1250;
				LastUpgradeCheck = 1250;
				TargetAttributes = {
					74237A6626F7E664000E6B85 = {
						CreatedOnToolsVersion = 12.5.1;
					};
					74237B4B26F8C30C000E6B85 = {
						CreatedOnToolsVersion = 12.5.1;
						TestTargetID = 74D1BA4E26DDA16200A2A88E;
					};
					74C8431226F8FFC8001F3ED3 = {
						CreatedOnToolsVersion = 12.5.1;
						TestTargetID = 74D1BA4E26DDA16200A2A88E;
					};
					74D1BA4E26DDA16200A2A88E = {
						CreatedOnToolsVersion = 12.5.1;
					};
				};
			};
			buildConfigurationList = 74D1BA4A26DDA16200A2A88E /* Build configuration list for PBXProject "Soccer" */;
			compatibilityVersion = "Xcode 9.3";
			developmentRegion = en;
			hasScannedForEncodings = 0;
			knownRegions = (
				en,
				Base,
			);
			mainGroup = 74D1BA4626DDA16200A2A88E;
			productRefGroup = 74D1BA5026DDA16200A2A88E /* Products */;
			projectDirPath = "";
			projectRoot = "";
			targets = (
				74D1BA4E26DDA16200A2A88E /* Soccer */,
				74237A6626F7E664000E6B85 /* SoccerTests */,
				74237B4B26F8C30C000E6B85 /* SoccerUITests */,
				74C8431226F8FFC8001F3ED3 /* SoccerSnapshotTests */,
			);
		};
/* End PBXProject section */

/* Begin PBXResourcesBuildPhase section */
		74237A6526F7E664000E6B85 /* Resources */ = {
			isa = PBXResourcesBuildPhase;
			buildActionMask = 2147483647;
			files = (
				74237A7226F7EB87000E6B85 /* .swiftlint.yml in Resources */,
				74237AD526F80929000E6B85 /* LeagueResult.json in Resources */,
				74237AE426F82E94000E6B85 /* StatisticResult.json in Resources */,
				74237AE226F82B03000E6B85 /* MatchResponse.json in Resources */,
				74237ADE26F8208F000E6B85 /* MatchResult.json in Resources */,
			);
			runOnlyForDeploymentPostprocessing = 0;
		};
		74237B4A26F8C30C000E6B85 /* Resources */ = {
			isa = PBXResourcesBuildPhase;
			buildActionMask = 2147483647;
			files = (
			);
			runOnlyForDeploymentPostprocessing = 0;
		};
		74C8431126F8FFC8001F3ED3 /* Resources */ = {
			isa = PBXResourcesBuildPhase;
			buildActionMask = 2147483647;
			files = (
			);
			runOnlyForDeploymentPostprocessing = 0;
		};
		74D1BA4D26DDA16200A2A88E /* Resources */ = {
			isa = PBXResourcesBuildPhase;
			buildActionMask = 2147483647;
			files = (
				7489ADD926E965C500C4E4E9 /* Legacy.ttf in Resources */,
				74D1BA5F26DDA16600A2A88E /* LaunchScreen.storyboard in Resources */,
				74D1BA5C26DDA16600A2A88E /* Assets.xcassets in Resources */,
				7489AE3C26EAB7B100C4E4E9 /* GoogleService-Info.plist in Resources */,
				743A651526F69B5F00E0C944 /* Staubach.ttf in Resources */,
			);
			runOnlyForDeploymentPostprocessing = 0;
		};
/* End PBXResourcesBuildPhase section */

/* Begin PBXShellScriptBuildPhase section */
		7489AE1126EAAFCF00C4E4E9 /* Crashlytics */ = {
			isa = PBXShellScriptBuildPhase;
			buildActionMask = 2147483647;
			files = (
			);
			inputFileListPaths = (
			);
			inputPaths = (
				"${DWARF_DSYM_FOLDER_PATH}/${DWARF_DSYM_FILE_NAME}/Contents/Resources/DWARF/${TARGET_NAME}",
				"${BUILT_PRODUCTS_DIR}/${INFOPLIST_PATH}",
			);
			name = Crashlytics;
			outputFileListPaths = (
			);
			outputPaths = (
			);
			runOnlyForDeploymentPostprocessing = 0;
			shellPath = /bin/sh;
			shellScript = "${PROJECT_DIR}/scripts/run\n";
		};
		74C8431E26F9011D001F3ED3 /* Carthage Script */ = {
			isa = PBXShellScriptBuildPhase;
			buildActionMask = 2147483647;
			files = (
			);
			inputFileListPaths = (
			);
			inputPaths = (
				"$(SRCROOT)/Carthage/Build/iOS/SnapshotTesting.framework",
			);
			name = "Carthage Script";
			outputFileListPaths = (
			);
			outputPaths = (
			);
			runOnlyForDeploymentPostprocessing = 0;
			shellPath = /bin/sh;
			shellScript = "/usr/local/bin/carthage copy-frameworks\n";
		};
		74D1BA6626DE9E9900A2A88E /* Swiftlint */ = {
			isa = PBXShellScriptBuildPhase;
			buildActionMask = 2147483647;
			files = (
			);
			inputFileListPaths = (
			);
			inputPaths = (
			);
			name = Swiftlint;
			outputFileListPaths = (
			);
			outputPaths = (
			);
			runOnlyForDeploymentPostprocessing = 0;
			shellPath = /bin/sh;
			shellScript = "if which swiftlint >/dev/null; then\n  swiftlint\nelse\n  echo \"warning: SwiftLint not installed, download from https://github.com/realm/SwiftLint\"\nfi\n";
		};
/* End PBXShellScriptBuildPhase section */

/* Begin PBXSourcesBuildPhase section */
		74237A6326F7E664000E6B85 /* Sources */ = {
			isa = PBXSourcesBuildPhase;
			buildActionMask = 2147483647;
			files = (
				74237A8826F7EC70000E6B85 /* Player.swift in Sources */,
				74237AB726F7F827000E6B85 /* ViewModelController.swift in Sources */,
				74237AD226F802D5000E6B85 /* JSONParserMock.swift in Sources */,
				74237A8726F7EC70000E6B85 /* URLRequest+QueryItem.swift in Sources */,
				74237AE726F83EFF000E6B85 /* AppDelegate.swift in Sources */,
				74237A8F26F7EC70000E6B85 /* Team.swift in Sources */,
				74237A8226F7EC70000E6B85 /* StatisticBuilder.swift in Sources */,
				74237AA026F7EC70000E6B85 /* JSONParser.swift in Sources */,
				74237A7326F7EC70000E6B85 /* MainViewModel.swift in Sources */,
				74237A7926F7EC70000E6B85 /* MOPlayer+CoreDataClass.swift in Sources */,
				74237A9326F7EC70000E6B85 /* StatisticCoordinator.swift in Sources */,
				74237A9A26F7EC70000E6B85 /* MOStadium+CoreDataProperties.swift in Sources */,
				74237A9F26F7EC70000E6B85 /* TeamsViewModel.swift in Sources */,
				74237AE026F829BF000E6B85 /* StatisticViewModelTests.swift in Sources */,
				74237A8C26F7EC70000E6B85 /* MatchTableView.swift in Sources */,
				74237AA126F7EC70000E6B85 /* TeamDetailsViewModel.swift in Sources */,
				74237A7826F7EC70000E6B85 /* MatchTableViewCell.swift in Sources */,
				74237A8126F7EC70000E6B85 /* Statistic.swift in Sources */,
				74237A8626F7EC70000E6B85 /* TeamResult.swift in Sources */,
				74237A7426F7EC70000E6B85 /* MainViewController.swift in Sources */,
				74237A7726F7EC70000E6B85 /* CoreDataService.swift in Sources */,
				74C8430A26F8F8FB001F3ED3 /* DefaultsWrapper.swift in Sources */,
				74237A9126F7EC70000E6B85 /* StatisticViewController.swift in Sources */,
				74237A9426F7EC70000E6B85 /* League.swift in Sources */,
				74237A9826F7EC70000E6B85 /* TeamCellViewModel.swift in Sources */,
				74237A7B26F7EC70000E6B85 /* ImageCellViewModel.swift in Sources */,
				74237A8926F7EC70000E6B85 /* TeamsViewController.swift in Sources */,
				74237A7C26F7EC70000E6B85 /* StatisticTableViewCell.swift in Sources */,
				74237AA526F7EC70000E6B85 /* TeamDetailsCoordinator.swift in Sources */,
				74237A8026F7EC70000E6B85 /* MOStadium+CoreDataClass.swift in Sources */,
				74237A7D26F7EC70000E6B85 /* MatchBuilder.swift in Sources */,
				74237AA226F7EC70000E6B85 /* MainCoordinator.swift in Sources */,
				74237A8D26F7EC70000E6B85 /* StatisticCellViewModel.swift in Sources */,
				74237ADA26F80DE8000E6B85 /* MainViewModelTests.swift in Sources */,
				74237A9626F7EC70000E6B85 /* TabBarController.swift in Sources */,
				74237A8B26F7EC70000E6B85 /* MOTeam+CoreDataClass.swift in Sources */,
				74237A7A26F7EC70000E6B85 /* URLBuilder.swift in Sources */,
				74237A7626F7EC70000E6B85 /* APIConfig.swift in Sources */,
				74237A8A26F7EC70000E6B85 /* EndPointFactory.swift in Sources */,
				74237A9026F7EC70000E6B85 /* Coordinating.swift in Sources */,
				74237A7526F7EC70000E6B85 /* MOPlayer+CoreDataProperties.swift in Sources */,
				74237A8526F7EC70000E6B85 /* PlayerBuilder.swift in Sources */,
				74237AA326F7EC70000E6B85 /* MOTeam+CoreDataProperties.swift in Sources */,
				74237A8326F7EC70000E6B85 /* StatisticViewModel.swift in Sources */,
				74237A9926F7EC70000E6B85 /* ImageCollectionView.swift in Sources */,
				74237AD726F80A9A000E6B85 /* XCTestCase+JSON.swift in Sources */,
				74237A8E26F7EC70000E6B85 /* MatchCellViewModel.swift in Sources */,
				74237A9226F7EC70000E6B85 /* TeamTableViewCell.swift in Sources */,
				74237A9C26F7EC70000E6B85 /* TeamsCoordinator.swift in Sources */,
				74237A9B26F7EC70000E6B85 /* LeagueBuilder.swift in Sources */,
				74237A9526F7EC70000E6B85 /* ImageCollectionViewCell.swift in Sources */,
				74237A9E26F7EC70000E6B85 /* ImageDataService.swift in Sources */,
				74237A7F26F7EC70000E6B85 /* MatchProxy.swift in Sources */,
				74237AA426F7EC70000E6B85 /* TeamBuilder.swift in Sources */,
				74237A8426F7EC70000E6B85 /* TeamDetailsViewController.swift in Sources */,
				74237A7E26F7EC70000E6B85 /* Match.swift in Sources */,
				74237AE626F83230000E6B85 /* StatisticEncodingTests.swift in Sources */,
				74237A9726F7EC70000E6B85 /* PlayerCellViewModel.swift in Sources */,
				74237AB626F7F6A0000E6B85 /* URLRequestTests.swift in Sources */,
			);
			runOnlyForDeploymentPostprocessing = 0;
		};
		74237B4826F8C30C000E6B85 /* Sources */ = {
			isa = PBXSourcesBuildPhase;
			buildActionMask = 2147483647;
			files = (
				74237B5926F8C622000E6B85 /* TabBarPage.swift in Sources */,
				74C842EC26F8D689001F3ED3 /* TeamDetailsPage.swift in Sources */,
				74C842EE26F8D8E0001F3ED3 /* NavigationBarPage.swift in Sources */,
				74237B5B26F8C746000E6B85 /* SearchTeamPage.swift in Sources */,
				74237B5726F8C386000E6B85 /* Page.swift in Sources */,
				74237B4F26F8C30C000E6B85 /* SoccerUITests.swift in Sources */,
			);
			runOnlyForDeploymentPostprocessing = 0;
		};
		74C8430F26F8FFC8001F3ED3 /* Sources */ = {
			isa = PBXSourcesBuildPhase;
			buildActionMask = 2147483647;
			files = (
				74C8431626F8FFC8001F3ED3 /* MainViewControllerSnapshotTests.swift in Sources */,
			);
			runOnlyForDeploymentPostprocessing = 0;
		};
		74D1BA4B26DDA16200A2A88E /* Sources */ = {
			isa = PBXSourcesBuildPhase;
			buildActionMask = 2147483647;
			files = (
				743A650E26F63BB200E0C944 /* MOPlayer+CoreDataProperties.swift in Sources */,
				743A64AE26F025EC00E0C944 /* Team.swift in Sources */,
				743A650F26F63BB200E0C944 /* MOTeam+CoreDataClass.swift in Sources */,
				743A651126F63BB200E0C944 /* MOStadium+CoreDataClass.swift in Sources */,
				743A64B026F0278200E0C944 /* TeamTableViewCell.swift in Sources */,
				7489AE5726ED108300C4E4E9 /* StatisticBuilder.swift in Sources */,
				743A64A526EFD98C00E0C944 /* TabBarController.swift in Sources */,
				74D1BAF626E18D1800A2A88E /* ImageCollectionView.swift in Sources */,
				74D1BAE926E03EC100A2A88E /* ViewModelController.swift in Sources */,
				74D1BAFC26E1921B00A2A88E /* ImageCellViewModel.swift in Sources */,
				7489AE5126EC229900C4E4E9 /* StatisticViewController.swift in Sources */,
				743A650D26F63BB200E0C944 /* MOPlayer+CoreDataClass.swift in Sources */,
				74D1BAE726E03D7000A2A88E /* MainViewModel.swift in Sources */,
				743A64AC26F0177F00E0C944 /* TeamsCoordinator.swift in Sources */,
				7489AE5926ED1FB600C4E4E9 /* MatchProxy.swift in Sources */,
				743A64F426F571A800E0C944 /* TeamDetailsViewController.swift in Sources */,
				74D1BAEC26E1227600A2A88E /* JSONParser.swift in Sources */,
				743A64FD26F57FF400E0C944 /* PlayerCellViewModel.swift in Sources */,
				74D1BAF826E1913A00A2A88E /* ImageCollectionViewCell.swift in Sources */,
				7489ADCD26E413D900C4E4E9 /* MatchTableView.swift in Sources */,
				74D1BAE526E0362700A2A88E /* MainCoordinator.swift in Sources */,
				74C842F026F8E4CB001F3ED3 /* DefaultsWrapper.swift in Sources */,
				743A650326F6360600E0C944 /* DataModel.xcdatamodeld in Sources */,
				743A64B326F027A200E0C944 /* TeamCellViewModel.swift in Sources */,
				7489AE5526ED0CD000C4E4E9 /* Statistic.swift in Sources */,
				743A645926ED7D8000E0C944 /* StatisticCellViewModel.swift in Sources */,
				7489ADD426E4195300C4E4E9 /* Match.swift in Sources */,
				7489AE4F26EC220100C4E4E9 /* StatisticCoordinator.swift in Sources */,
				74D1BAF426E1421B00A2A88E /* URLBuilder.swift in Sources */,
				74D1BA5326DDA16200A2A88E /* AppDelegate.swift in Sources */,
				743A650626F638A300E0C944 /* CoreDataService.swift in Sources */,
				7489AE4A26EAFE0B00C4E4E9 /* EndPointFactory.swift in Sources */,
				7489AE4626EAFBF900C4E4E9 /* LeagueBuilder.swift in Sources */,
				743A64B526F02ACB00E0C944 /* TeamResult.swift in Sources */,
				743A64B726F0331D00E0C944 /* TeamBuilder.swift in Sources */,
				74D1BA6826DECFEF00A2A88E /* Coordinating.swift in Sources */,
				743A64A726F0172900E0C944 /* TeamsViewController.swift in Sources */,
				743A651026F63BB200E0C944 /* MOTeam+CoreDataProperties.swift in Sources */,
				7489AE4C26EB01D300C4E4E9 /* MatchBuilder.swift in Sources */,
				743A651226F63BB200E0C944 /* MOStadium+CoreDataProperties.swift in Sources */,
				7489ADD626E5683500C4E4E9 /* URLRequest+QueryItem.swift in Sources */,
				743A64AA26F0176800E0C944 /* TeamsViewModel.swift in Sources */,
				743A650026F58EAF00E0C944 /* PlayerBuilder.swift in Sources */,
				7489AE5326EC23A600C4E4E9 /* StatisticViewModel.swift in Sources */,
				74D1BAEE26E1363300A2A88E /* League.swift in Sources */,
				7489ADD226E414A600C4E4E9 /* MatchTableViewCell.swift in Sources */,
				743A64FA26F57B1F00E0C944 /* TeamDetailsCoordinator.swift in Sources */,
				74D1BAE326E0360300A2A88E /* MainViewController.swift in Sources */,
				743A645626ED769300E0C944 /* StatisticTableViewCell.swift in Sources */,
				743A64F626F571DA00E0C944 /* TeamDetailsViewModel.swift in Sources */,
				74D1BB0226E2BDB400A2A88E /* ImageDataService.swift in Sources */,
				7489ADD026E4148800C4E4E9 /* MatchCellViewModel.swift in Sources */,
				743A64F826F5759C00E0C944 /* Player.swift in Sources */,
				7489AE4826EAFCBA00C4E4E9 /* APIConfig.swift in Sources */,
			);
			runOnlyForDeploymentPostprocessing = 0;
		};
/* End PBXSourcesBuildPhase section */

/* Begin PBXTargetDependency section */
		74237A6D26F7E664000E6B85 /* PBXTargetDependency */ = {
			isa = PBXTargetDependency;
			target = 74D1BA4E26DDA16200A2A88E /* Soccer */;
			targetProxy = 74237A6C26F7E664000E6B85 /* PBXContainerItemProxy */;
		};
		74237B5226F8C30C000E6B85 /* PBXTargetDependency */ = {
			isa = PBXTargetDependency;
			target = 74D1BA4E26DDA16200A2A88E /* Soccer */;
			targetProxy = 74237B5126F8C30C000E6B85 /* PBXContainerItemProxy */;
		};
		74C8431926F8FFC8001F3ED3 /* PBXTargetDependency */ = {
			isa = PBXTargetDependency;
			target = 74D1BA4E26DDA16200A2A88E /* Soccer */;
			targetProxy = 74C8431826F8FFC8001F3ED3 /* PBXContainerItemProxy */;
		};
/* End PBXTargetDependency section */

/* Begin PBXVariantGroup section */
		74D1BA5D26DDA16600A2A88E /* LaunchScreen.storyboard */ = {
			isa = PBXVariantGroup;
			children = (
				74D1BA5E26DDA16600A2A88E /* Base */,
			);
			name = LaunchScreen.storyboard;
			sourceTree = "<group>";
		};
/* End PBXVariantGroup section */

/* Begin XCBuildConfiguration section */
		74237A6E26F7E664000E6B85 /* Debug */ = {
			isa = XCBuildConfiguration;
			buildSettings = {
				CODE_SIGN_STYLE = Automatic;
				DEVELOPMENT_TEAM = 6A53QK7QMA;
				INFOPLIST_FILE = SoccerTests/Info.plist;
				IPHONEOS_DEPLOYMENT_TARGET = 13.0;
				LD_RUNPATH_SEARCH_PATHS = (
					"$(inherited)",
					"@executable_path/Frameworks",
					"@loader_path/Frameworks",
				);
				OTHER_LDFLAGS = "";
				PRODUCT_BUNDLE_IDENTIFIER = com.andreev.SoccerTests;
				PRODUCT_NAME = "$(TARGET_NAME)";
				SWIFT_VERSION = 5.0;
				TARGETED_DEVICE_FAMILY = "1,2";
			};
			name = Debug;
		};
		74237A6F26F7E664000E6B85 /* Release */ = {
			isa = XCBuildConfiguration;
			buildSettings = {
				CODE_SIGN_STYLE = Automatic;
				DEVELOPMENT_TEAM = 6A53QK7QMA;
				INFOPLIST_FILE = SoccerTests/Info.plist;
				IPHONEOS_DEPLOYMENT_TARGET = 13.0;
				LD_RUNPATH_SEARCH_PATHS = (
					"$(inherited)",
					"@executable_path/Frameworks",
					"@loader_path/Frameworks",
				);
				OTHER_LDFLAGS = "";
				PRODUCT_BUNDLE_IDENTIFIER = com.andreev.SoccerTests;
				PRODUCT_NAME = "$(TARGET_NAME)";
				SWIFT_VERSION = 5.0;
				TARGETED_DEVICE_FAMILY = "1,2";
			};
			name = Release;
		};
		74237B5326F8C30C000E6B85 /* Debug */ = {
			isa = XCBuildConfiguration;
			buildSettings = {
				CODE_SIGN_STYLE = Automatic;
				DEVELOPMENT_TEAM = 6A53QK7QMA;
				INFOPLIST_FILE = SoccerUITests/Info.plist;
				IPHONEOS_DEPLOYMENT_TARGET = 13.0;
				LD_RUNPATH_SEARCH_PATHS = (
					"$(inherited)",
					"@executable_path/Frameworks",
					"@loader_path/Frameworks",
				);
				PRODUCT_BUNDLE_IDENTIFIER = com.andreev.SoccerUITests;
				PRODUCT_NAME = "$(TARGET_NAME)";
				SWIFT_VERSION = 5.0;
				TARGETED_DEVICE_FAMILY = "1,2";
				TEST_TARGET_NAME = Soccer;
			};
			name = Debug;
		};
		74237B5426F8C30C000E6B85 /* Release */ = {
			isa = XCBuildConfiguration;
			buildSettings = {
				CODE_SIGN_STYLE = Automatic;
				DEVELOPMENT_TEAM = 6A53QK7QMA;
				INFOPLIST_FILE = SoccerUITests/Info.plist;
				IPHONEOS_DEPLOYMENT_TARGET = 13.0;
				LD_RUNPATH_SEARCH_PATHS = (
					"$(inherited)",
					"@executable_path/Frameworks",
					"@loader_path/Frameworks",
				);
				PRODUCT_BUNDLE_IDENTIFIER = com.andreev.SoccerUITests;
				PRODUCT_NAME = "$(TARGET_NAME)";
				SWIFT_VERSION = 5.0;
				TARGETED_DEVICE_FAMILY = "1,2";
				TEST_TARGET_NAME = Soccer;
			};
			name = Release;
		};
		74C8431B26F8FFC8001F3ED3 /* Debug */ = {
			isa = XCBuildConfiguration;
			buildSettings = {
				BUNDLE_LOADER = "$(TEST_HOST)";
				CODE_SIGN_STYLE = Automatic;
				DEVELOPMENT_TEAM = 6A53QK7QMA;
				FRAMEWORK_SEARCH_PATHS = (
					"$(inherited)",
					"$(PROJECT_DIR)/Carthage/Build/iOS",
				);
				INFOPLIST_FILE = SoccerSnapshotTests/Info.plist;
				IPHONEOS_DEPLOYMENT_TARGET = 14.5;
				LD_RUNPATH_SEARCH_PATHS = (
					"$(inherited)",
					"@executable_path/Frameworks",
					"@loader_path/Frameworks",
				);
				PRODUCT_BUNDLE_IDENTIFIER = com.andreev.SoccerSnapshotTests;
				PRODUCT_NAME = "$(TARGET_NAME)";
				SWIFT_VERSION = 5.0;
				TARGETED_DEVICE_FAMILY = "1,2";
				TEST_HOST = "$(BUILT_PRODUCTS_DIR)/Soccer.app/Soccer";
			};
			name = Debug;
		};
		74C8431C26F8FFC8001F3ED3 /* Release */ = {
			isa = XCBuildConfiguration;
			buildSettings = {
				BUNDLE_LOADER = "$(TEST_HOST)";
				CODE_SIGN_STYLE = Automatic;
				DEVELOPMENT_TEAM = 6A53QK7QMA;
				FRAMEWORK_SEARCH_PATHS = (
					"$(inherited)",
					"$(PROJECT_DIR)/Carthage/Build/iOS",
				);
				INFOPLIST_FILE = SoccerSnapshotTests/Info.plist;
				IPHONEOS_DEPLOYMENT_TARGET = 14.5;
				LD_RUNPATH_SEARCH_PATHS = (
					"$(inherited)",
					"@executable_path/Frameworks",
					"@loader_path/Frameworks",
				);
				PRODUCT_BUNDLE_IDENTIFIER = com.andreev.SoccerSnapshotTests;
				PRODUCT_NAME = "$(TARGET_NAME)";
				SWIFT_VERSION = 5.0;
				TARGETED_DEVICE_FAMILY = "1,2";
				TEST_HOST = "$(BUILT_PRODUCTS_DIR)/Soccer.app/Soccer";
			};
			name = Release;
		};
		74D1BA6126DDA16600A2A88E /* Debug */ = {
			isa = XCBuildConfiguration;
			buildSettings = {
				ALWAYS_SEARCH_USER_PATHS = NO;
				ASSETCATALOG_COMPILER_APPICON_NAME = AppIcon_debug;
				CLANG_ANALYZER_NONNULL = YES;
				CLANG_ANALYZER_NUMBER_OBJECT_CONVERSION = YES_AGGRESSIVE;
				CLANG_CXX_LANGUAGE_STANDARD = "gnu++14";
				CLANG_CXX_LIBRARY = "libc++";
				CLANG_ENABLE_MODULES = YES;
				CLANG_ENABLE_OBJC_ARC = YES;
				CLANG_ENABLE_OBJC_WEAK = YES;
				CLANG_WARN_BLOCK_CAPTURE_AUTORELEASING = YES;
				CLANG_WARN_BOOL_CONVERSION = YES;
				CLANG_WARN_COMMA = YES;
				CLANG_WARN_CONSTANT_CONVERSION = YES;
				CLANG_WARN_DEPRECATED_OBJC_IMPLEMENTATIONS = YES;
				CLANG_WARN_DIRECT_OBJC_ISA_USAGE = YES_ERROR;
				CLANG_WARN_DOCUMENTATION_COMMENTS = YES;
				CLANG_WARN_EMPTY_BODY = YES;
				CLANG_WARN_ENUM_CONVERSION = YES;
				CLANG_WARN_INFINITE_RECURSION = YES;
				CLANG_WARN_INT_CONVERSION = YES;
				CLANG_WARN_NON_LITERAL_NULL_CONVERSION = YES;
				CLANG_WARN_OBJC_IMPLICIT_RETAIN_SELF = YES;
				CLANG_WARN_OBJC_LITERAL_CONVERSION = YES;
				CLANG_WARN_OBJC_ROOT_CLASS = YES_ERROR;
				CLANG_WARN_QUOTED_INCLUDE_IN_FRAMEWORK_HEADER = YES;
				CLANG_WARN_RANGE_LOOP_ANALYSIS = YES;
				CLANG_WARN_STRICT_PROTOTYPES = YES;
				CLANG_WARN_SUSPICIOUS_MOVE = YES;
				CLANG_WARN_UNGUARDED_AVAILABILITY = YES_AGGRESSIVE;
				CLANG_WARN_UNREACHABLE_CODE = YES;
				CLANG_WARN__DUPLICATE_METHOD_MATCH = YES;
				COPY_PHASE_STRIP = NO;
				DEBUG_INFORMATION_FORMAT = dwarf;
				ENABLE_STRICT_OBJC_MSGSEND = YES;
				ENABLE_TESTABILITY = YES;
				GCC_C_LANGUAGE_STANDARD = gnu11;
				GCC_DYNAMIC_NO_PIC = NO;
				GCC_NO_COMMON_BLOCKS = YES;
				GCC_OPTIMIZATION_LEVEL = 0;
				GCC_PREPROCESSOR_DEFINITIONS = (
					"DEBUG=1",
					"$(inherited)",
				);
				GCC_WARN_64_TO_32_BIT_CONVERSION = YES;
				GCC_WARN_ABOUT_RETURN_TYPE = YES_ERROR;
				GCC_WARN_UNDECLARED_SELECTOR = YES;
				GCC_WARN_UNINITIALIZED_AUTOS = YES_AGGRESSIVE;
				GCC_WARN_UNUSED_FUNCTION = YES;
				GCC_WARN_UNUSED_VARIABLE = YES;
				IPHONEOS_DEPLOYMENT_TARGET = 13.0;
				MTL_ENABLE_DEBUG_INFO = INCLUDE_SOURCE;
				MTL_FAST_MATH = YES;
				ONLY_ACTIVE_ARCH = YES;
				SDKROOT = iphoneos;
				SWIFT_ACTIVE_COMPILATION_CONDITIONS = DEBUG;
				SWIFT_OPTIMIZATION_LEVEL = "-Onone";
			};
			name = Debug;
		};
		74D1BA6226DDA16600A2A88E /* Release */ = {
			isa = XCBuildConfiguration;
			buildSettings = {
				ALWAYS_SEARCH_USER_PATHS = NO;
				ASSETCATALOG_COMPILER_APPICON_NAME = AppIcon;
				CLANG_ANALYZER_NONNULL = YES;
				CLANG_ANALYZER_NUMBER_OBJECT_CONVERSION = YES_AGGRESSIVE;
				CLANG_CXX_LANGUAGE_STANDARD = "gnu++14";
				CLANG_CXX_LIBRARY = "libc++";
				CLANG_ENABLE_MODULES = YES;
				CLANG_ENABLE_OBJC_ARC = YES;
				CLANG_ENABLE_OBJC_WEAK = YES;
				CLANG_WARN_BLOCK_CAPTURE_AUTORELEASING = YES;
				CLANG_WARN_BOOL_CONVERSION = YES;
				CLANG_WARN_COMMA = YES;
				CLANG_WARN_CONSTANT_CONVERSION = YES;
				CLANG_WARN_DEPRECATED_OBJC_IMPLEMENTATIONS = YES;
				CLANG_WARN_DIRECT_OBJC_ISA_USAGE = YES_ERROR;
				CLANG_WARN_DOCUMENTATION_COMMENTS = YES;
				CLANG_WARN_EMPTY_BODY = YES;
				CLANG_WARN_ENUM_CONVERSION = YES;
				CLANG_WARN_INFINITE_RECURSION = YES;
				CLANG_WARN_INT_CONVERSION = YES;
				CLANG_WARN_NON_LITERAL_NULL_CONVERSION = YES;
				CLANG_WARN_OBJC_IMPLICIT_RETAIN_SELF = YES;
				CLANG_WARN_OBJC_LITERAL_CONVERSION = YES;
				CLANG_WARN_OBJC_ROOT_CLASS = YES_ERROR;
				CLANG_WARN_QUOTED_INCLUDE_IN_FRAMEWORK_HEADER = YES;
				CLANG_WARN_RANGE_LOOP_ANALYSIS = YES;
				CLANG_WARN_STRICT_PROTOTYPES = YES;
				CLANG_WARN_SUSPICIOUS_MOVE = YES;
				CLANG_WARN_UNGUARDED_AVAILABILITY = YES_AGGRESSIVE;
				CLANG_WARN_UNREACHABLE_CODE = YES;
				CLANG_WARN__DUPLICATE_METHOD_MATCH = YES;
				COPY_PHASE_STRIP = NO;
				DEBUG_INFORMATION_FORMAT = "dwarf-with-dsym";
				ENABLE_NS_ASSERTIONS = NO;
				ENABLE_STRICT_OBJC_MSGSEND = YES;
				GCC_C_LANGUAGE_STANDARD = gnu11;
				GCC_NO_COMMON_BLOCKS = YES;
				GCC_WARN_64_TO_32_BIT_CONVERSION = YES;
				GCC_WARN_ABOUT_RETURN_TYPE = YES_ERROR;
				GCC_WARN_UNDECLARED_SELECTOR = YES;
				GCC_WARN_UNINITIALIZED_AUTOS = YES_AGGRESSIVE;
				GCC_WARN_UNUSED_FUNCTION = YES;
				GCC_WARN_UNUSED_VARIABLE = YES;
				IPHONEOS_DEPLOYMENT_TARGET = 13.0;
				MTL_ENABLE_DEBUG_INFO = NO;
				MTL_FAST_MATH = YES;
				SDKROOT = iphoneos;
				SWIFT_COMPILATION_MODE = wholemodule;
				SWIFT_OPTIMIZATION_LEVEL = "-O";
				VALIDATE_PRODUCT = YES;
			};
			name = Release;
		};
		74D1BA6426DDA16600A2A88E /* Debug */ = {
			isa = XCBuildConfiguration;
			baseConfigurationReference = 74237B1626F84F16000E6B85 /* Debug.xcconfig */;
			buildSettings = {
				ASSETCATALOG_COMPILER_GLOBAL_ACCENT_COLOR_NAME = AccentColor;
				CODE_SIGN_STYLE = Automatic;
				DEBUG_INFORMATION_FORMAT = "dwarf-with-dsym";
				DEVELOPMENT_TEAM = 6A53QK7QMA;
				ENABLE_TESTABILITY = YES;
				FRAMEWORK_SEARCH_PATHS = (
					"$(inherited)",
					"$(PROJECT_DIR)",
					"$(PROJECT_DIR)/Carthage/Build/iOS",
				);
				INFOPLIST_FILE = Soccer/Supports/Info.plist;
				IPHONEOS_DEPLOYMENT_TARGET = 13.0;
				LD_RUNPATH_SEARCH_PATHS = (
					"$(inherited)",
					"@executable_path/Frameworks",
				);
				OTHER_LDFLAGS = "-ObjC";
				PRODUCT_BUNDLE_IDENTIFIER = com.andreev.soccer;
				PRODUCT_NAME = "$(TARGET_NAME)";
				SWIFT_VERSION = 5.0;
				TARGETED_DEVICE_FAMILY = 1;
				VALIDATE_WORKSPACE = NO;
			};
			name = Debug;
		};
		74D1BA6526DDA16600A2A88E /* Release */ = {
			isa = XCBuildConfiguration;
			baseConfigurationReference = 74237B1726F8509C000E6B85 /* Release.xcconfig */;
			buildSettings = {
				ASSETCATALOG_COMPILER_GLOBAL_ACCENT_COLOR_NAME = AccentColor;
				CODE_SIGN_STYLE = Automatic;
				DEBUG_INFORMATION_FORMAT = "dwarf-with-dsym";
				DEVELOPMENT_TEAM = 6A53QK7QMA;
				FRAMEWORK_SEARCH_PATHS = (
					"$(inherited)",
					"$(PROJECT_DIR)",
					"$(PROJECT_DIR)/Carthage/Build/iOS",
				);
				INFOPLIST_FILE = Soccer/Supports/Info.plist;
				IPHONEOS_DEPLOYMENT_TARGET = 13.0;
				LD_RUNPATH_SEARCH_PATHS = (
					"$(inherited)",
					"@executable_path/Frameworks",
				);
				OTHER_LDFLAGS = "-ObjC";
				PRODUCT_BUNDLE_IDENTIFIER = com.andreev.soccer;
				PRODUCT_NAME = "$(TARGET_NAME)";
				SWIFT_VERSION = 5.0;
				TARGETED_DEVICE_FAMILY = 1;
				VALIDATE_WORKSPACE = NO;
			};
			name = Release;
		};
/* End XCBuildConfiguration section */

/* Begin XCConfigurationList section */
		74237A7026F7E664000E6B85 /* Build configuration list for PBXNativeTarget "SoccerTests" */ = {
			isa = XCConfigurationList;
			buildConfigurations = (
				74237A6E26F7E664000E6B85 /* Debug */,
				74237A6F26F7E664000E6B85 /* Release */,
			);
			defaultConfigurationIsVisible = 0;
			defaultConfigurationName = Release;
		};
		74237B5526F8C30C000E6B85 /* Build configuration list for PBXNativeTarget "SoccerUITests" */ = {
			isa = XCConfigurationList;
			buildConfigurations = (
				74237B5326F8C30C000E6B85 /* Debug */,
				74237B5426F8C30C000E6B85 /* Release */,
			);
			defaultConfigurationIsVisible = 0;
			defaultConfigurationName = Release;
		};
		74C8431A26F8FFC8001F3ED3 /* Build configuration list for PBXNativeTarget "SoccerSnapshotTests" */ = {
			isa = XCConfigurationList;
			buildConfigurations = (
				74C8431B26F8FFC8001F3ED3 /* Debug */,
				74C8431C26F8FFC8001F3ED3 /* Release */,
			);
			defaultConfigurationIsVisible = 0;
			defaultConfigurationName = Release;
		};
		74D1BA4A26DDA16200A2A88E /* Build configuration list for PBXProject "Soccer" */ = {
			isa = XCConfigurationList;
			buildConfigurations = (
				74D1BA6126DDA16600A2A88E /* Debug */,
				74D1BA6226DDA16600A2A88E /* Release */,
			);
			defaultConfigurationIsVisible = 0;
			defaultConfigurationName = Release;
		};
		74D1BA6326DDA16600A2A88E /* Build configuration list for PBXNativeTarget "Soccer" */ = {
			isa = XCConfigurationList;
			buildConfigurations = (
				74D1BA6426DDA16600A2A88E /* Debug */,
				74D1BA6526DDA16600A2A88E /* Release */,
			);
			defaultConfigurationIsVisible = 0;
			defaultConfigurationName = Release;
		};
/* End XCConfigurationList section */

/* Begin XCVersionGroup section */
		743A650126F6360500E0C944 /* DataModel.xcdatamodeld */ = {
			isa = XCVersionGroup;
			children = (
				743A650226F6360500E0C944 /* DataModel.xcdatamodel */,
			);
			currentVersion = 743A650226F6360500E0C944 /* DataModel.xcdatamodel */;
			path = DataModel.xcdatamodeld;
			sourceTree = "<group>";
			versionGroupType = wrapper.xcdatamodel;
		};
/* End XCVersionGroup section */
	};
	rootObject = 74D1BA4726DDA16200A2A88E /* Project object */;
}
