// !$*UTF8*$!
{
	archiveVersion = 1;
	classes = {
	};
	objectVersion = 52;
	objects = {

/* Begin PBXBuildFile section */
		743A645626ED769300E0C944 /* StatisticTableViewCell.swift in Sources */ = {isa = PBXBuildFile; fileRef = 743A645526ED769300E0C944 /* StatisticTableViewCell.swift */; };
		743A645926ED7D8000E0C944 /* StatisticCellViewModel.swift in Sources */ = {isa = PBXBuildFile; fileRef = 743A645826ED7D8000E0C944 /* StatisticCellViewModel.swift */; };
		7489ADCD26E413D900C4E4E9 /* MatchTableView.swift in Sources */ = {isa = PBXBuildFile; fileRef = 7489ADCC26E413D900C4E4E9 /* MatchTableView.swift */; };
		7489ADD026E4148800C4E4E9 /* MatchCellViewModel.swift in Sources */ = {isa = PBXBuildFile; fileRef = 7489ADCF26E4148800C4E4E9 /* MatchCellViewModel.swift */; };
		7489ADD226E414A600C4E4E9 /* MatchTableViewCell.swift in Sources */ = {isa = PBXBuildFile; fileRef = 7489ADD126E414A600C4E4E9 /* MatchTableViewCell.swift */; };
		7489ADD426E4195300C4E4E9 /* Match.swift in Sources */ = {isa = PBXBuildFile; fileRef = 7489ADD326E4195300C4E4E9 /* Match.swift */; };
		7489ADD626E5683500C4E4E9 /* URLRequest+QueryItem.swift in Sources */ = {isa = PBXBuildFile; fileRef = 7489ADD526E5683500C4E4E9 /* URLRequest+QueryItem.swift */; };
		7489ADD926E965C500C4E4E9 /* Legacy.ttf in Resources */ = {isa = PBXBuildFile; fileRef = 7489ADD826E965C500C4E4E9 /* Legacy.ttf */; };
		7489ADDC26E9677D00C4E4E9 /* HighSchoolUsaSans.ttf in Resources */ = {isa = PBXBuildFile; fileRef = 7489ADDA26E9677D00C4E4E9 /* HighSchoolUsaSans.ttf */; };
		7489ADDD26E9677D00C4E4E9 /* HighSchoolUsaSerif.ttf in Resources */ = {isa = PBXBuildFile; fileRef = 7489ADDB26E9677D00C4E4E9 /* HighSchoolUsaSerif.ttf */; };
		7489AE1226EAB1D700C4E4E9 /* FirebaseCrashlytics.xcframework in Frameworks */ = {isa = PBXBuildFile; fileRef = 7489AE0826EAADF800C4E4E9 /* FirebaseCrashlytics.xcframework */; };
		7489AE1326EAB1D700C4E4E9 /* FirebaseCrashlytics.xcframework in Embed Frameworks */ = {isa = PBXBuildFile; fileRef = 7489AE0826EAADF800C4E4E9 /* FirebaseCrashlytics.xcframework */; settings = {ATTRIBUTES = (CodeSignOnCopy, RemoveHeadersOnCopy, ); }; };
		7489AE1F26EAB1D700C4E4E9 /* FirebaseCore.xcframework in Frameworks */ = {isa = PBXBuildFile; fileRef = 7489AE1526EAB1D700C4E4E9 /* FirebaseCore.xcframework */; };
		7489AE2026EAB1D700C4E4E9 /* FirebaseCore.xcframework in Embed Frameworks */ = {isa = PBXBuildFile; fileRef = 7489AE1526EAB1D700C4E4E9 /* FirebaseCore.xcframework */; settings = {ATTRIBUTES = (CodeSignOnCopy, RemoveHeadersOnCopy, ); }; };
		7489AE2126EAB1D700C4E4E9 /* FirebaseCoreDiagnostics.xcframework in Frameworks */ = {isa = PBXBuildFile; fileRef = 7489AE1626EAB1D700C4E4E9 /* FirebaseCoreDiagnostics.xcframework */; };
		7489AE2226EAB1D700C4E4E9 /* FirebaseCoreDiagnostics.xcframework in Embed Frameworks */ = {isa = PBXBuildFile; fileRef = 7489AE1626EAB1D700C4E4E9 /* FirebaseCoreDiagnostics.xcframework */; settings = {ATTRIBUTES = (CodeSignOnCopy, RemoveHeadersOnCopy, ); }; };
		7489AE2326EAB1D700C4E4E9 /* GoogleDataTransport.xcframework in Frameworks */ = {isa = PBXBuildFile; fileRef = 7489AE1726EAB1D700C4E4E9 /* GoogleDataTransport.xcframework */; };
		7489AE2426EAB1D700C4E4E9 /* GoogleDataTransport.xcframework in Embed Frameworks */ = {isa = PBXBuildFile; fileRef = 7489AE1726EAB1D700C4E4E9 /* GoogleDataTransport.xcframework */; settings = {ATTRIBUTES = (CodeSignOnCopy, RemoveHeadersOnCopy, ); }; };
		7489AE2526EAB1D700C4E4E9 /* nanopb.xcframework in Frameworks */ = {isa = PBXBuildFile; fileRef = 7489AE1826EAB1D700C4E4E9 /* nanopb.xcframework */; };
		7489AE2626EAB1D700C4E4E9 /* nanopb.xcframework in Embed Frameworks */ = {isa = PBXBuildFile; fileRef = 7489AE1826EAB1D700C4E4E9 /* nanopb.xcframework */; settings = {ATTRIBUTES = (CodeSignOnCopy, RemoveHeadersOnCopy, ); }; };
		7489AE2726EAB1D700C4E4E9 /* PromisesObjC.xcframework in Frameworks */ = {isa = PBXBuildFile; fileRef = 7489AE1926EAB1D700C4E4E9 /* PromisesObjC.xcframework */; };
		7489AE2826EAB1D700C4E4E9 /* PromisesObjC.xcframework in Embed Frameworks */ = {isa = PBXBuildFile; fileRef = 7489AE1926EAB1D700C4E4E9 /* PromisesObjC.xcframework */; settings = {ATTRIBUTES = (CodeSignOnCopy, RemoveHeadersOnCopy, ); }; };
		7489AE2926EAB1D800C4E4E9 /* FirebaseInstallations.xcframework in Frameworks */ = {isa = PBXBuildFile; fileRef = 7489AE1A26EAB1D700C4E4E9 /* FirebaseInstallations.xcframework */; };
		7489AE2A26EAB1D800C4E4E9 /* FirebaseInstallations.xcframework in Embed Frameworks */ = {isa = PBXBuildFile; fileRef = 7489AE1A26EAB1D700C4E4E9 /* FirebaseInstallations.xcframework */; settings = {ATTRIBUTES = (CodeSignOnCopy, RemoveHeadersOnCopy, ); }; };
		7489AE2B26EAB1D800C4E4E9 /* GoogleUtilities.xcframework in Frameworks */ = {isa = PBXBuildFile; fileRef = 7489AE1B26EAB1D700C4E4E9 /* GoogleUtilities.xcframework */; };
		7489AE2C26EAB1D800C4E4E9 /* GoogleUtilities.xcframework in Embed Frameworks */ = {isa = PBXBuildFile; fileRef = 7489AE1B26EAB1D700C4E4E9 /* GoogleUtilities.xcframework */; settings = {ATTRIBUTES = (CodeSignOnCopy, RemoveHeadersOnCopy, ); }; };
		7489AE2D26EAB1D800C4E4E9 /* GoogleAppMeasurement.xcframework in Frameworks */ = {isa = PBXBuildFile; fileRef = 7489AE1C26EAB1D700C4E4E9 /* GoogleAppMeasurement.xcframework */; };
		7489AE2E26EAB1D800C4E4E9 /* GoogleAppMeasurement.xcframework in Embed Frameworks */ = {isa = PBXBuildFile; fileRef = 7489AE1C26EAB1D700C4E4E9 /* GoogleAppMeasurement.xcframework */; settings = {ATTRIBUTES = (CodeSignOnCopy, RemoveHeadersOnCopy, ); }; };
		7489AE3126EAB1D800C4E4E9 /* FirebaseAnalytics.xcframework in Frameworks */ = {isa = PBXBuildFile; fileRef = 7489AE1E26EAB1D700C4E4E9 /* FirebaseAnalytics.xcframework */; };
		7489AE3226EAB1D800C4E4E9 /* FirebaseAnalytics.xcframework in Embed Frameworks */ = {isa = PBXBuildFile; fileRef = 7489AE1E26EAB1D700C4E4E9 /* FirebaseAnalytics.xcframework */; settings = {ATTRIBUTES = (CodeSignOnCopy, RemoveHeadersOnCopy, ); }; };
		7489AE3A26EAB24600C4E4E9 /* Firebase.framework in Embed Frameworks */ = {isa = PBXBuildFile; fileRef = 7489AE1D26EAB1D700C4E4E9 /* Firebase.framework */; settings = {ATTRIBUTES = (CodeSignOnCopy, RemoveHeadersOnCopy, ); }; };
		7489AE3C26EAB7B100C4E4E9 /* GoogleService-Info.plist in Resources */ = {isa = PBXBuildFile; fileRef = 7489AE3B26EAB7B100C4E4E9 /* GoogleService-Info.plist */; };
		7489AE4626EAFBF900C4E4E9 /* LeagueBuilder.swift in Sources */ = {isa = PBXBuildFile; fileRef = 7489AE4526EAFBF900C4E4E9 /* LeagueBuilder.swift */; };
		7489AE4826EAFCBA00C4E4E9 /* APIConfig.swift in Sources */ = {isa = PBXBuildFile; fileRef = 7489AE4726EAFCB900C4E4E9 /* APIConfig.swift */; };
		7489AE4A26EAFE0B00C4E4E9 /* EndPointFactory.swift in Sources */ = {isa = PBXBuildFile; fileRef = 7489AE4926EAFE0B00C4E4E9 /* EndPointFactory.swift */; };
		7489AE4C26EB01D300C4E4E9 /* MatchBuilder.swift in Sources */ = {isa = PBXBuildFile; fileRef = 7489AE4B26EB01D300C4E4E9 /* MatchBuilder.swift */; };
		7489AE4F26EC220100C4E4E9 /* StatisticCoordinator.swift in Sources */ = {isa = PBXBuildFile; fileRef = 7489AE4E26EC220100C4E4E9 /* StatisticCoordinator.swift */; };
		7489AE5126EC229900C4E4E9 /* StatisticViewController.swift in Sources */ = {isa = PBXBuildFile; fileRef = 7489AE5026EC229900C4E4E9 /* StatisticViewController.swift */; };
		7489AE5326EC23A600C4E4E9 /* StatisticViewModel.swift in Sources */ = {isa = PBXBuildFile; fileRef = 7489AE5226EC23A600C4E4E9 /* StatisticViewModel.swift */; };
		7489AE5526ED0CD000C4E4E9 /* Statistic.swift in Sources */ = {isa = PBXBuildFile; fileRef = 7489AE5426ED0CD000C4E4E9 /* Statistic.swift */; };
		7489AE5726ED108300C4E4E9 /* StatisticBuilder.swift in Sources */ = {isa = PBXBuildFile; fileRef = 7489AE5626ED108300C4E4E9 /* StatisticBuilder.swift */; };
		7489AE5926ED1FB600C4E4E9 /* MatchProxy.swift in Sources */ = {isa = PBXBuildFile; fileRef = 7489AE5826ED1FB600C4E4E9 /* MatchProxy.swift */; };
		74D1BA5326DDA16200A2A88E /* AppDelegate.swift in Sources */ = {isa = PBXBuildFile; fileRef = 74D1BA5226DDA16200A2A88E /* AppDelegate.swift */; };
		74D1BA5C26DDA16600A2A88E /* Assets.xcassets in Resources */ = {isa = PBXBuildFile; fileRef = 74D1BA5B26DDA16600A2A88E /* Assets.xcassets */; };
		74D1BA5F26DDA16600A2A88E /* LaunchScreen.storyboard in Resources */ = {isa = PBXBuildFile; fileRef = 74D1BA5D26DDA16600A2A88E /* LaunchScreen.storyboard */; };
		74D1BA6826DECFEF00A2A88E /* Coordinating.swift in Sources */ = {isa = PBXBuildFile; fileRef = 74D1BA6726DECFEF00A2A88E /* Coordinating.swift */; };
		74D1BA6C26DED5AF00A2A88E /* AppCoordinator.swift in Sources */ = {isa = PBXBuildFile; fileRef = 74D1BA6B26DED5AF00A2A88E /* AppCoordinator.swift */; };
		74D1BAE326E0360300A2A88E /* MainViewController.swift in Sources */ = {isa = PBXBuildFile; fileRef = 74D1BAE226E0360300A2A88E /* MainViewController.swift */; };
		74D1BAE526E0362700A2A88E /* MainCoordinator.swift in Sources */ = {isa = PBXBuildFile; fileRef = 74D1BAE426E0362700A2A88E /* MainCoordinator.swift */; };
		74D1BAE726E03D7000A2A88E /* MainViewModel.swift in Sources */ = {isa = PBXBuildFile; fileRef = 74D1BAE626E03D7000A2A88E /* MainViewModel.swift */; };
		74D1BAE926E03EC100A2A88E /* ViewModelController.swift in Sources */ = {isa = PBXBuildFile; fileRef = 74D1BAE826E03EC100A2A88E /* ViewModelController.swift */; };
		74D1BAEC26E1227600A2A88E /* JSONParser.swift in Sources */ = {isa = PBXBuildFile; fileRef = 74D1BAEB26E1227600A2A88E /* JSONParser.swift */; };
		74D1BAEE26E1363300A2A88E /* League.swift in Sources */ = {isa = PBXBuildFile; fileRef = 74D1BAED26E1363300A2A88E /* League.swift */; };
		74D1BAF426E1421B00A2A88E /* URLBuilder.swift in Sources */ = {isa = PBXBuildFile; fileRef = 74D1BAF326E1421B00A2A88E /* URLBuilder.swift */; };
		74D1BAF626E18D1800A2A88E /* LeagueCollectionView.swift in Sources */ = {isa = PBXBuildFile; fileRef = 74D1BAF526E18D1800A2A88E /* LeagueCollectionView.swift */; };
		74D1BAF826E1913A00A2A88E /* LeagueCollectionViewCell.swift in Sources */ = {isa = PBXBuildFile; fileRef = 74D1BAF726E1913900A2A88E /* LeagueCollectionViewCell.swift */; };
		74D1BAFC26E1921B00A2A88E /* LeagueCellViewModel.swift in Sources */ = {isa = PBXBuildFile; fileRef = 74D1BAFB26E1921B00A2A88E /* LeagueCellViewModel.swift */; };
		74D1BB0226E2BDB400A2A88E /* ImageDataService.swift in Sources */ = {isa = PBXBuildFile; fileRef = 74D1BB0126E2BDB400A2A88E /* ImageDataService.swift */; };
/* End PBXBuildFile section */

/* Begin PBXCopyFilesBuildPhase section */
		7489AE1426EAB1D700C4E4E9 /* Embed Frameworks */ = {
			isa = PBXCopyFilesBuildPhase;
			buildActionMask = 2147483647;
			dstPath = "";
			dstSubfolderSpec = 10;
			files = (
				7489AE1326EAB1D700C4E4E9 /* FirebaseCrashlytics.xcframework in Embed Frameworks */,
				7489AE2E26EAB1D800C4E4E9 /* GoogleAppMeasurement.xcframework in Embed Frameworks */,
				7489AE2226EAB1D700C4E4E9 /* FirebaseCoreDiagnostics.xcframework in Embed Frameworks */,
				7489AE2426EAB1D700C4E4E9 /* GoogleDataTransport.xcframework in Embed Frameworks */,
				7489AE3A26EAB24600C4E4E9 /* Firebase.framework in Embed Frameworks */,
				7489AE2C26EAB1D800C4E4E9 /* GoogleUtilities.xcframework in Embed Frameworks */,
				7489AE3226EAB1D800C4E4E9 /* FirebaseAnalytics.xcframework in Embed Frameworks */,
				7489AE2826EAB1D700C4E4E9 /* PromisesObjC.xcframework in Embed Frameworks */,
				7489AE2A26EAB1D800C4E4E9 /* FirebaseInstallations.xcframework in Embed Frameworks */,
				7489AE2626EAB1D700C4E4E9 /* nanopb.xcframework in Embed Frameworks */,
				7489AE2026EAB1D700C4E4E9 /* FirebaseCore.xcframework in Embed Frameworks */,
			);
			name = "Embed Frameworks";
			runOnlyForDeploymentPostprocessing = 0;
		};
/* End PBXCopyFilesBuildPhase section */

/* Begin PBXFileReference section */
		743A645526ED769300E0C944 /* StatisticTableViewCell.swift */ = {isa = PBXFileReference; lastKnownFileType = sourcecode.swift; path = StatisticTableViewCell.swift; sourceTree = "<group>"; };
		743A645826ED7D8000E0C944 /* StatisticCellViewModel.swift */ = {isa = PBXFileReference; lastKnownFileType = sourcecode.swift; path = StatisticCellViewModel.swift; sourceTree = "<group>"; };
		7489ADCC26E413D900C4E4E9 /* MatchTableView.swift */ = {isa = PBXFileReference; lastKnownFileType = sourcecode.swift; path = MatchTableView.swift; sourceTree = "<group>"; };
		7489ADCF26E4148800C4E4E9 /* MatchCellViewModel.swift */ = {isa = PBXFileReference; lastKnownFileType = sourcecode.swift; path = MatchCellViewModel.swift; sourceTree = "<group>"; };
		7489ADD126E414A600C4E4E9 /* MatchTableViewCell.swift */ = {isa = PBXFileReference; lastKnownFileType = sourcecode.swift; path = MatchTableViewCell.swift; sourceTree = "<group>"; };
		7489ADD326E4195300C4E4E9 /* Match.swift */ = {isa = PBXFileReference; lastKnownFileType = sourcecode.swift; path = Match.swift; sourceTree = "<group>"; };
		7489ADD526E5683500C4E4E9 /* URLRequest+QueryItem.swift */ = {isa = PBXFileReference; lastKnownFileType = sourcecode.swift; path = "URLRequest+QueryItem.swift"; sourceTree = "<group>"; };
		7489ADD826E965C500C4E4E9 /* Legacy.ttf */ = {isa = PBXFileReference; lastKnownFileType = file; path = Legacy.ttf; sourceTree = "<group>"; };
		7489ADDA26E9677D00C4E4E9 /* HighSchoolUsaSans.ttf */ = {isa = PBXFileReference; lastKnownFileType = file; path = HighSchoolUsaSans.ttf; sourceTree = "<group>"; };
		7489ADDB26E9677D00C4E4E9 /* HighSchoolUsaSerif.ttf */ = {isa = PBXFileReference; lastKnownFileType = file; path = HighSchoolUsaSerif.ttf; sourceTree = "<group>"; };
		7489AE0826EAADF800C4E4E9 /* FirebaseCrashlytics.xcframework */ = {isa = PBXFileReference; lastKnownFileType = wrapper.xcframework; path = FirebaseCrashlytics.xcframework; sourceTree = "<group>"; };
		7489AE1526EAB1D700C4E4E9 /* FirebaseCore.xcframework */ = {isa = PBXFileReference; lastKnownFileType = wrapper.xcframework; path = FirebaseCore.xcframework; sourceTree = "<group>"; };
		7489AE1626EAB1D700C4E4E9 /* FirebaseCoreDiagnostics.xcframework */ = {isa = PBXFileReference; lastKnownFileType = wrapper.xcframework; path = FirebaseCoreDiagnostics.xcframework; sourceTree = "<group>"; };
		7489AE1726EAB1D700C4E4E9 /* GoogleDataTransport.xcframework */ = {isa = PBXFileReference; lastKnownFileType = wrapper.xcframework; path = GoogleDataTransport.xcframework; sourceTree = "<group>"; };
		7489AE1826EAB1D700C4E4E9 /* nanopb.xcframework */ = {isa = PBXFileReference; lastKnownFileType = wrapper.xcframework; path = nanopb.xcframework; sourceTree = "<group>"; };
		7489AE1926EAB1D700C4E4E9 /* PromisesObjC.xcframework */ = {isa = PBXFileReference; lastKnownFileType = wrapper.xcframework; path = PromisesObjC.xcframework; sourceTree = "<group>"; };
		7489AE1A26EAB1D700C4E4E9 /* FirebaseInstallations.xcframework */ = {isa = PBXFileReference; lastKnownFileType = wrapper.xcframework; path = FirebaseInstallations.xcframework; sourceTree = "<group>"; };
		7489AE1B26EAB1D700C4E4E9 /* GoogleUtilities.xcframework */ = {isa = PBXFileReference; lastKnownFileType = wrapper.xcframework; path = GoogleUtilities.xcframework; sourceTree = "<group>"; };
		7489AE1C26EAB1D700C4E4E9 /* GoogleAppMeasurement.xcframework */ = {isa = PBXFileReference; lastKnownFileType = wrapper.xcframework; path = GoogleAppMeasurement.xcframework; sourceTree = "<group>"; };
		7489AE1D26EAB1D700C4E4E9 /* Firebase.framework */ = {isa = PBXFileReference; lastKnownFileType = wrapper.framework; path = Firebase.framework; sourceTree = "<group>"; };
		7489AE1E26EAB1D700C4E4E9 /* FirebaseAnalytics.xcframework */ = {isa = PBXFileReference; lastKnownFileType = wrapper.xcframework; path = FirebaseAnalytics.xcframework; sourceTree = "<group>"; };
		7489AE3B26EAB7B100C4E4E9 /* GoogleService-Info.plist */ = {isa = PBXFileReference; fileEncoding = 4; lastKnownFileType = text.plist.xml; path = "GoogleService-Info.plist"; sourceTree = "<group>"; };
		7489AE4526EAFBF900C4E4E9 /* LeagueBuilder.swift */ = {isa = PBXFileReference; lastKnownFileType = sourcecode.swift; path = LeagueBuilder.swift; sourceTree = "<group>"; };
		7489AE4726EAFCB900C4E4E9 /* APIConfig.swift */ = {isa = PBXFileReference; lastKnownFileType = sourcecode.swift; path = APIConfig.swift; sourceTree = "<group>"; };
		7489AE4926EAFE0B00C4E4E9 /* EndPointFactory.swift */ = {isa = PBXFileReference; lastKnownFileType = sourcecode.swift; path = EndPointFactory.swift; sourceTree = "<group>"; };
		7489AE4B26EB01D300C4E4E9 /* MatchBuilder.swift */ = {isa = PBXFileReference; lastKnownFileType = sourcecode.swift; path = MatchBuilder.swift; sourceTree = "<group>"; };
		7489AE4E26EC220100C4E4E9 /* StatisticCoordinator.swift */ = {isa = PBXFileReference; lastKnownFileType = sourcecode.swift; path = StatisticCoordinator.swift; sourceTree = "<group>"; };
		7489AE5026EC229900C4E4E9 /* StatisticViewController.swift */ = {isa = PBXFileReference; lastKnownFileType = sourcecode.swift; name = StatisticViewController.swift; path = soccer/Modules/Statistic/StatisticViewController.swift; sourceTree = SOURCE_ROOT; };
		7489AE5226EC23A600C4E4E9 /* StatisticViewModel.swift */ = {isa = PBXFileReference; lastKnownFileType = sourcecode.swift; path = StatisticViewModel.swift; sourceTree = "<group>"; };
		7489AE5426ED0CD000C4E4E9 /* Statistic.swift */ = {isa = PBXFileReference; lastKnownFileType = sourcecode.swift; path = Statistic.swift; sourceTree = "<group>"; };
		7489AE5626ED108300C4E4E9 /* StatisticBuilder.swift */ = {isa = PBXFileReference; lastKnownFileType = sourcecode.swift; path = StatisticBuilder.swift; sourceTree = "<group>"; };
		7489AE5826ED1FB600C4E4E9 /* MatchProxy.swift */ = {isa = PBXFileReference; lastKnownFileType = sourcecode.swift; path = MatchProxy.swift; sourceTree = "<group>"; };
		74D1BA4F26DDA16200A2A88E /* soccer.app */ = {isa = PBXFileReference; explicitFileType = wrapper.application; includeInIndex = 0; path = soccer.app; sourceTree = BUILT_PRODUCTS_DIR; };
		74D1BA5226DDA16200A2A88E /* AppDelegate.swift */ = {isa = PBXFileReference; lastKnownFileType = sourcecode.swift; path = AppDelegate.swift; sourceTree = "<group>"; };
		74D1BA5B26DDA16600A2A88E /* Assets.xcassets */ = {isa = PBXFileReference; lastKnownFileType = folder.assetcatalog; path = Assets.xcassets; sourceTree = "<group>"; };
		74D1BA5E26DDA16600A2A88E /* Base */ = {isa = PBXFileReference; lastKnownFileType = file.storyboard; name = Base; path = Base.lproj/LaunchScreen.storyboard; sourceTree = "<group>"; };
		74D1BA6026DDA16600A2A88E /* Info.plist */ = {isa = PBXFileReference; lastKnownFileType = text.plist.xml; path = Info.plist; sourceTree = "<group>"; };
		74D1BA6726DECFEF00A2A88E /* Coordinating.swift */ = {isa = PBXFileReference; lastKnownFileType = sourcecode.swift; path = Coordinating.swift; sourceTree = "<group>"; };
		74D1BA6B26DED5AF00A2A88E /* AppCoordinator.swift */ = {isa = PBXFileReference; lastKnownFileType = sourcecode.swift; path = AppCoordinator.swift; sourceTree = "<group>"; };
		74D1BAE226E0360300A2A88E /* MainViewController.swift */ = {isa = PBXFileReference; lastKnownFileType = sourcecode.swift; path = MainViewController.swift; sourceTree = "<group>"; };
		74D1BAE426E0362700A2A88E /* MainCoordinator.swift */ = {isa = PBXFileReference; lastKnownFileType = sourcecode.swift; path = MainCoordinator.swift; sourceTree = "<group>"; };
		74D1BAE626E03D7000A2A88E /* MainViewModel.swift */ = {isa = PBXFileReference; lastKnownFileType = sourcecode.swift; path = MainViewModel.swift; sourceTree = "<group>"; };
		74D1BAE826E03EC100A2A88E /* ViewModelController.swift */ = {isa = PBXFileReference; lastKnownFileType = sourcecode.swift; path = ViewModelController.swift; sourceTree = "<group>"; };
		74D1BAEB26E1227600A2A88E /* JSONParser.swift */ = {isa = PBXFileReference; lastKnownFileType = sourcecode.swift; path = JSONParser.swift; sourceTree = "<group>"; };
		74D1BAED26E1363300A2A88E /* League.swift */ = {isa = PBXFileReference; lastKnownFileType = sourcecode.swift; path = League.swift; sourceTree = "<group>"; };
		74D1BAF326E1421B00A2A88E /* URLBuilder.swift */ = {isa = PBXFileReference; lastKnownFileType = sourcecode.swift; path = URLBuilder.swift; sourceTree = "<group>"; };
		74D1BAF526E18D1800A2A88E /* LeagueCollectionView.swift */ = {isa = PBXFileReference; lastKnownFileType = sourcecode.swift; path = LeagueCollectionView.swift; sourceTree = "<group>"; };
		74D1BAF726E1913900A2A88E /* LeagueCollectionViewCell.swift */ = {isa = PBXFileReference; lastKnownFileType = sourcecode.swift; path = LeagueCollectionViewCell.swift; sourceTree = "<group>"; };
		74D1BAFB26E1921B00A2A88E /* LeagueCellViewModel.swift */ = {isa = PBXFileReference; lastKnownFileType = sourcecode.swift; path = LeagueCellViewModel.swift; sourceTree = "<group>"; };
		74D1BAFE26E1A56E00A2A88E /* .swiftlint.yml */ = {isa = PBXFileReference; lastKnownFileType = text.yaml; path = .swiftlint.yml; sourceTree = "<group>"; };
		74D1BB0126E2BDB400A2A88E /* ImageDataService.swift */ = {isa = PBXFileReference; lastKnownFileType = sourcecode.swift; path = ImageDataService.swift; sourceTree = "<group>"; };
/* End PBXFileReference section */

/* Begin PBXFrameworksBuildPhase section */
		74D1BA4C26DDA16200A2A88E /* Frameworks */ = {
			isa = PBXFrameworksBuildPhase;
			buildActionMask = 2147483647;
			files = (
				7489AE1226EAB1D700C4E4E9 /* FirebaseCrashlytics.xcframework in Frameworks */,
				7489AE2D26EAB1D800C4E4E9 /* GoogleAppMeasurement.xcframework in Frameworks */,
				7489AE2126EAB1D700C4E4E9 /* FirebaseCoreDiagnostics.xcframework in Frameworks */,
				7489AE2326EAB1D700C4E4E9 /* GoogleDataTransport.xcframework in Frameworks */,
				7489AE2B26EAB1D800C4E4E9 /* GoogleUtilities.xcframework in Frameworks */,
				7489AE3126EAB1D800C4E4E9 /* FirebaseAnalytics.xcframework in Frameworks */,
				7489AE2726EAB1D700C4E4E9 /* PromisesObjC.xcframework in Frameworks */,
				7489AE2926EAB1D800C4E4E9 /* FirebaseInstallations.xcframework in Frameworks */,
				7489AE2526EAB1D700C4E4E9 /* nanopb.xcframework in Frameworks */,
				7489AE1F26EAB1D700C4E4E9 /* FirebaseCore.xcframework in Frameworks */,
			);
			runOnlyForDeploymentPostprocessing = 0;
		};
/* End PBXFrameworksBuildPhase section */

/* Begin PBXGroup section */
		743A645726ED76C600E0C944 /* Views */ = {
			isa = PBXGroup;
			children = (
				743A645826ED7D8000E0C944 /* StatisticCellViewModel.swift */,
				743A645526ED769300E0C944 /* StatisticTableViewCell.swift */,
			);
			path = Views;
			sourceTree = "<group>";
		};
		7489ADCA26E413A800C4E4E9 /* Collection */ = {
			isa = PBXGroup;
			children = (
				74D1BAF526E18D1800A2A88E /* LeagueCollectionView.swift */,
				74D1BAFA26E191AA00A2A88E /* CollectionCell */,
			);
			path = Collection;
			sourceTree = "<group>";
		};
		7489ADCB26E413BE00C4E4E9 /* Table */ = {
			isa = PBXGroup;
			children = (
				7489ADCC26E413D900C4E4E9 /* MatchTableView.swift */,
				7489ADCE26E4143B00C4E4E9 /* TableCell */,
			);
			path = Table;
			sourceTree = "<group>";
		};
		7489ADCE26E4143B00C4E4E9 /* TableCell */ = {
			isa = PBXGroup;
			children = (
				7489ADCF26E4148800C4E4E9 /* MatchCellViewModel.swift */,
				7489ADD126E414A600C4E4E9 /* MatchTableViewCell.swift */,
			);
			path = TableCell;
			sourceTree = "<group>";
		};
		7489ADD726E965AC00C4E4E9 /* Fonts */ = {
			isa = PBXGroup;
			children = (
				7489ADD826E965C500C4E4E9 /* Legacy.ttf */,
				7489ADDA26E9677D00C4E4E9 /* HighSchoolUsaSans.ttf */,
				7489ADDB26E9677D00C4E4E9 /* HighSchoolUsaSerif.ttf */,
			);
			path = Fonts;
			sourceTree = "<group>";
		};
		7489AE0726EAADF800C4E4E9 /* Frameworks */ = {
			isa = PBXGroup;
			children = (
				7489AE1D26EAB1D700C4E4E9 /* Firebase.framework */,
				7489AE1E26EAB1D700C4E4E9 /* FirebaseAnalytics.xcframework */,
				7489AE1526EAB1D700C4E4E9 /* FirebaseCore.xcframework */,
				7489AE1626EAB1D700C4E4E9 /* FirebaseCoreDiagnostics.xcframework */,
				7489AE1A26EAB1D700C4E4E9 /* FirebaseInstallations.xcframework */,
				7489AE1C26EAB1D700C4E4E9 /* GoogleAppMeasurement.xcframework */,
				7489AE1726EAB1D700C4E4E9 /* GoogleDataTransport.xcframework */,
				7489AE1B26EAB1D700C4E4E9 /* GoogleUtilities.xcframework */,
				7489AE1826EAB1D700C4E4E9 /* nanopb.xcframework */,
				7489AE1926EAB1D700C4E4E9 /* PromisesObjC.xcframework */,
				7489AE0826EAADF800C4E4E9 /* FirebaseCrashlytics.xcframework */,
			);
			name = Frameworks;
			sourceTree = "<group>";
		};
		7489AE4D26EC21DD00C4E4E9 /* Statistic */ = {
			isa = PBXGroup;
			children = (
				7489AE4E26EC220100C4E4E9 /* StatisticCoordinator.swift */,
				7489AE5226EC23A600C4E4E9 /* StatisticViewModel.swift */,
				7489AE5026EC229900C4E4E9 /* StatisticViewController.swift */,
				743A645726ED76C600E0C944 /* Views */,
			);
			path = Statistic;
			sourceTree = "<group>";
		};
		74D1BA4626DDA16200A2A88E = {
			isa = PBXGroup;
			children = (
				74D1BAFE26E1A56E00A2A88E /* .swiftlint.yml */,
				74D1BA5126DDA16200A2A88E /* soccer */,
				74D1BA5026DDA16200A2A88E /* Products */,
				7489AE0726EAADF800C4E4E9 /* Frameworks */,
			);
			sourceTree = "<group>";
		};
		74D1BA5026DDA16200A2A88E /* Products */ = {
			isa = PBXGroup;
			children = (
				74D1BA4F26DDA16200A2A88E /* soccer.app */,
			);
			name = Products;
			sourceTree = "<group>";
		};
		74D1BA5126DDA16200A2A88E /* soccer */ = {
			isa = PBXGroup;
			children = (
				74D1BA6A26DED58F00A2A88E /* Abstract */,
				74D1BAEF26E1364000A2A88E /* Models */,
				74D1BADF26E0352F00A2A88E /* Modules */,
				74D1BAEA26E121F100A2A88E /* Services */,
				74D1BAF026E139D900A2A88E /* Extensions */,
				74D1BADE26E0351D00A2A88E /* Resources */,
				74D1BA6D26DEDE8D00A2A88E /* Supports */,
			);
			path = soccer;
			sourceTree = "<group>";
		};
		74D1BA6926DED4D000A2A88E /* Application */ = {
			isa = PBXGroup;
			children = (
				74D1BA6B26DED5AF00A2A88E /* AppCoordinator.swift */,
				74D1BA5226DDA16200A2A88E /* AppDelegate.swift */,
				74D1BA5D26DDA16600A2A88E /* LaunchScreen.storyboard */,
			);
			path = Application;
			sourceTree = "<group>";
		};
		74D1BA6A26DED58F00A2A88E /* Abstract */ = {
			isa = PBXGroup;
			children = (
				74D1BA6726DECFEF00A2A88E /* Coordinating.swift */,
				74D1BAE826E03EC100A2A88E /* ViewModelController.swift */,
				7489AE4726EAFCB900C4E4E9 /* APIConfig.swift */,
				7489AE4926EAFE0B00C4E4E9 /* EndPointFactory.swift */,
				74D1BAF326E1421B00A2A88E /* URLBuilder.swift */,
				7489AE4526EAFBF900C4E4E9 /* LeagueBuilder.swift */,
				7489AE4B26EB01D300C4E4E9 /* MatchBuilder.swift */,
				7489AE5626ED108300C4E4E9 /* StatisticBuilder.swift */,
			);
			path = Abstract;
			sourceTree = "<group>";
		};
		74D1BA6D26DEDE8D00A2A88E /* Supports */ = {
			isa = PBXGroup;
			children = (
				74D1BA6026DDA16600A2A88E /* Info.plist */,
				7489AE3B26EAB7B100C4E4E9 /* GoogleService-Info.plist */,
			);
			path = Supports;
			sourceTree = "<group>";
		};
		74D1BADE26E0351D00A2A88E /* Resources */ = {
			isa = PBXGroup;
			children = (
				74D1BA5B26DDA16600A2A88E /* Assets.xcassets */,
				7489ADD726E965AC00C4E4E9 /* Fonts */,
			);
			path = Resources;
			sourceTree = "<group>";
		};
		74D1BADF26E0352F00A2A88E /* Modules */ = {
			isa = PBXGroup;
			children = (
				74D1BA6926DED4D000A2A88E /* Application */,
				74D1BAE126E035E600A2A88E /* Main */,
				7489AE4D26EC21DD00C4E4E9 /* Statistic */,
			);
			path = Modules;
			sourceTree = "<group>";
		};
		74D1BAE126E035E600A2A88E /* Main */ = {
			isa = PBXGroup;
			children = (
				74D1BAE426E0362700A2A88E /* MainCoordinator.swift */,
				74D1BAE626E03D7000A2A88E /* MainViewModel.swift */,
				74D1BAE226E0360300A2A88E /* MainViewController.swift */,
				74D1BAF926E1918F00A2A88E /* Views */,
			);
			path = Main;
			sourceTree = "<group>";
		};
		74D1BAEA26E121F100A2A88E /* Services */ = {
			isa = PBXGroup;
			children = (
				74D1BAEB26E1227600A2A88E /* JSONParser.swift */,
				74D1BB0126E2BDB400A2A88E /* ImageDataService.swift */,
			);
			path = Services;
			sourceTree = "<group>";
		};
		74D1BAEF26E1364000A2A88E /* Models */ = {
			isa = PBXGroup;
			children = (
				74D1BAED26E1363300A2A88E /* League.swift */,
				7489ADD326E4195300C4E4E9 /* Match.swift */,
				7489AE5426ED0CD000C4E4E9 /* Statistic.swift */,
				7489AE5826ED1FB600C4E4E9 /* MatchProxy.swift */,
			);
			path = Models;
			sourceTree = "<group>";
		};
		74D1BAF026E139D900A2A88E /* Extensions */ = {
			isa = PBXGroup;
			children = (
				7489ADD526E5683500C4E4E9 /* URLRequest+QueryItem.swift */,
			);
			path = Extensions;
			sourceTree = "<group>";
		};
		74D1BAF926E1918F00A2A88E /* Views */ = {
			isa = PBXGroup;
			children = (
				7489ADCB26E413BE00C4E4E9 /* Table */,
				7489ADCA26E413A800C4E4E9 /* Collection */,
			);
			path = Views;
			sourceTree = "<group>";
		};
		74D1BAFA26E191AA00A2A88E /* CollectionCell */ = {
			isa = PBXGroup;
			children = (
				74D1BAFB26E1921B00A2A88E /* LeagueCellViewModel.swift */,
				74D1BAF726E1913900A2A88E /* LeagueCollectionViewCell.swift */,
			);
			path = CollectionCell;
			sourceTree = "<group>";
		};
/* End PBXGroup section */

/* Begin PBXNativeTarget section */
		74D1BA4E26DDA16200A2A88E /* soccer */ = {
			isa = PBXNativeTarget;
			buildConfigurationList = 74D1BA6326DDA16600A2A88E /* Build configuration list for PBXNativeTarget "soccer" */;
			buildPhases = (
				74D1BA4B26DDA16200A2A88E /* Sources */,
				74D1BA4C26DDA16200A2A88E /* Frameworks */,
				74D1BA4D26DDA16200A2A88E /* Resources */,
				74D1BA6626DE9E9900A2A88E /* ShellScript */,
				7489AE1126EAAFCF00C4E4E9 /* Run Script */,
				7489AE1426EAB1D700C4E4E9 /* Embed Frameworks */,
			);
			buildRules = (
			);
			dependencies = (
			);
			name = soccer;
			productName = soccer;
			productReference = 74D1BA4F26DDA16200A2A88E /* soccer.app */;
			productType = "com.apple.product-type.application";
		};
/* End PBXNativeTarget section */

/* Begin PBXProject section */
		74D1BA4726DDA16200A2A88E /* Project object */ = {
			isa = PBXProject;
			attributes = {
				LastSwiftUpdateCheck = 1250;
				LastUpgradeCheck = 1250;
				TargetAttributes = {
					74D1BA4E26DDA16200A2A88E = {
						CreatedOnToolsVersion = 12.5.1;
					};
				};
			};
			buildConfigurationList = 74D1BA4A26DDA16200A2A88E /* Build configuration list for PBXProject "soccer" */;
			compatibilityVersion = "Xcode 9.3";
			developmentRegion = en;
			hasScannedForEncodings = 0;
			knownRegions = (
				en,
				Base,
			);
			mainGroup = 74D1BA4626DDA16200A2A88E;
			productRefGroup = 74D1BA5026DDA16200A2A88E /* Products */;
			projectDirPath = "";
			projectRoot = "";
			targets = (
				74D1BA4E26DDA16200A2A88E /* soccer */,
			);
		};
/* End PBXProject section */

/* Begin PBXResourcesBuildPhase section */
		74D1BA4D26DDA16200A2A88E /* Resources */ = {
			isa = PBXResourcesBuildPhase;
			buildActionMask = 2147483647;
			files = (
				7489ADD926E965C500C4E4E9 /* Legacy.ttf in Resources */,
				74D1BA5F26DDA16600A2A88E /* LaunchScreen.storyboard in Resources */,
				74D1BA5C26DDA16600A2A88E /* Assets.xcassets in Resources */,
				7489ADDC26E9677D00C4E4E9 /* HighSchoolUsaSans.ttf in Resources */,
				7489ADDD26E9677D00C4E4E9 /* HighSchoolUsaSerif.ttf in Resources */,
				7489AE3C26EAB7B100C4E4E9 /* GoogleService-Info.plist in Resources */,
			);
			runOnlyForDeploymentPostprocessing = 0;
		};
/* End PBXResourcesBuildPhase section */

/* Begin PBXShellScriptBuildPhase section */
		7489AE1126EAAFCF00C4E4E9 /* Run Script */ = {
			isa = PBXShellScriptBuildPhase;
			buildActionMask = 2147483647;
			files = (
			);
			inputFileListPaths = (
			);
			inputPaths = (
				"${DWARF_DSYM_FOLDER_PATH}/${DWARF_DSYM_FILE_NAME}/Contents/Resources/DWARF/${TARGET_NAME}",
				"${BUILT_PRODUCTS_DIR}/${INFOPLIST_PATH}",
			);
			name = "Run Script";
			outputFileListPaths = (
			);
			outputPaths = (
			);
			runOnlyForDeploymentPostprocessing = 0;
			shellPath = /bin/sh;
			shellScript = "${PROJECT_DIR}/scripts/run\n";
		};
		74D1BA6626DE9E9900A2A88E /* ShellScript */ = {
			isa = PBXShellScriptBuildPhase;
			buildActionMask = 2147483647;
			files = (
			);
			inputFileListPaths = (
			);
			inputPaths = (
			);
			outputFileListPaths = (
			);
			outputPaths = (
			);
			runOnlyForDeploymentPostprocessing = 0;
			shellPath = /bin/sh;
			shellScript = "if which swiftlint >/dev/null; then\n  swiftlint\nelse\n  echo \"warning: SwiftLint not installed, download from https://github.com/realm/SwiftLint\"\nfi\n";
		};
/* End PBXShellScriptBuildPhase section */

/* Begin PBXSourcesBuildPhase section */
		74D1BA4B26DDA16200A2A88E /* Sources */ = {
			isa = PBXSourcesBuildPhase;
			buildActionMask = 2147483647;
			files = (
				7489AE5726ED108300C4E4E9 /* StatisticBuilder.swift in Sources */,
				74D1BAF626E18D1800A2A88E /* LeagueCollectionView.swift in Sources */,
				74D1BAE926E03EC100A2A88E /* ViewModelController.swift in Sources */,
				74D1BAFC26E1921B00A2A88E /* LeagueCellViewModel.swift in Sources */,
				7489AE5126EC229900C4E4E9 /* StatisticViewController.swift in Sources */,
				74D1BAE726E03D7000A2A88E /* MainViewModel.swift in Sources */,
				7489AE5926ED1FB600C4E4E9 /* MatchProxy.swift in Sources */,
				74D1BAEC26E1227600A2A88E /* JSONParser.swift in Sources */,
				74D1BAF826E1913A00A2A88E /* LeagueCollectionViewCell.swift in Sources */,
				7489ADCD26E413D900C4E4E9 /* MatchTableView.swift in Sources */,
				74D1BAE526E0362700A2A88E /* MainCoordinator.swift in Sources */,
				7489AE5526ED0CD000C4E4E9 /* Statistic.swift in Sources */,
				743A645926ED7D8000E0C944 /* StatisticCellViewModel.swift in Sources */,
				7489ADD426E4195300C4E4E9 /* Match.swift in Sources */,
				7489AE4F26EC220100C4E4E9 /* StatisticCoordinator.swift in Sources */,
				74D1BAF426E1421B00A2A88E /* URLBuilder.swift in Sources */,
				74D1BA6C26DED5AF00A2A88E /* AppCoordinator.swift in Sources */,
				74D1BA5326DDA16200A2A88E /* AppDelegate.swift in Sources */,
				7489AE4A26EAFE0B00C4E4E9 /* EndPointFactory.swift in Sources */,
				7489AE4626EAFBF900C4E4E9 /* LeagueBuilder.swift in Sources */,
				74D1BA6826DECFEF00A2A88E /* Coordinating.swift in Sources */,
				7489AE4C26EB01D300C4E4E9 /* MatchBuilder.swift in Sources */,
				7489ADD626E5683500C4E4E9 /* URLRequest+QueryItem.swift in Sources */,
				7489AE5326EC23A600C4E4E9 /* StatisticViewModel.swift in Sources */,
				74D1BAEE26E1363300A2A88E /* League.swift in Sources */,
				7489ADD226E414A600C4E4E9 /* MatchTableViewCell.swift in Sources */,
				74D1BAE326E0360300A2A88E /* MainViewController.swift in Sources */,
				743A645626ED769300E0C944 /* StatisticTableViewCell.swift in Sources */,
				74D1BB0226E2BDB400A2A88E /* ImageDataService.swift in Sources */,
				7489ADD026E4148800C4E4E9 /* MatchCellViewModel.swift in Sources */,
				7489AE4826EAFCBA00C4E4E9 /* APIConfig.swift in Sources */,
			);
			runOnlyForDeploymentPostprocessing = 0;
		};
/* End PBXSourcesBuildPhase section */

/* Begin PBXVariantGroup section */
		74D1BA5D26DDA16600A2A88E /* LaunchScreen.storyboard */ = {
			isa = PBXVariantGroup;
			children = (
				74D1BA5E26DDA16600A2A88E /* Base */,
			);
			name = LaunchScreen.storyboard;
			sourceTree = "<group>";
		};
/* End PBXVariantGroup section */

/* Begin XCBuildConfiguration section */
		74D1BA6126DDA16600A2A88E /* Debug */ = {
			isa = XCBuildConfiguration;
			buildSettings = {
				ALWAYS_SEARCH_USER_PATHS = NO;
				CLANG_ANALYZER_NONNULL = YES;
				CLANG_ANALYZER_NUMBER_OBJECT_CONVERSION = YES_AGGRESSIVE;
				CLANG_CXX_LANGUAGE_STANDARD = "gnu++14";
				CLANG_CXX_LIBRARY = "libc++";
				CLANG_ENABLE_MODULES = YES;
				CLANG_ENABLE_OBJC_ARC = YES;
				CLANG_ENABLE_OBJC_WEAK = YES;
				CLANG_WARN_BLOCK_CAPTURE_AUTORELEASING = YES;
				CLANG_WARN_BOOL_CONVERSION = YES;
				CLANG_WARN_COMMA = YES;
				CLANG_WARN_CONSTANT_CONVERSION = YES;
				CLANG_WARN_DEPRECATED_OBJC_IMPLEMENTATIONS = YES;
				CLANG_WARN_DIRECT_OBJC_ISA_USAGE = YES_ERROR;
				CLANG_WARN_DOCUMENTATION_COMMENTS = YES;
				CLANG_WARN_EMPTY_BODY = YES;
				CLANG_WARN_ENUM_CONVERSION = YES;
				CLANG_WARN_INFINITE_RECURSION = YES;
				CLANG_WARN_INT_CONVERSION = YES;
				CLANG_WARN_NON_LITERAL_NULL_CONVERSION = YES;
				CLANG_WARN_OBJC_IMPLICIT_RETAIN_SELF = YES;
				CLANG_WARN_OBJC_LITERAL_CONVERSION = YES;
				CLANG_WARN_OBJC_ROOT_CLASS = YES_ERROR;
				CLANG_WARN_QUOTED_INCLUDE_IN_FRAMEWORK_HEADER = YES;
				CLANG_WARN_RANGE_LOOP_ANALYSIS = YES;
				CLANG_WARN_STRICT_PROTOTYPES = YES;
				CLANG_WARN_SUSPICIOUS_MOVE = YES;
				CLANG_WARN_UNGUARDED_AVAILABILITY = YES_AGGRESSIVE;
				CLANG_WARN_UNREACHABLE_CODE = YES;
				CLANG_WARN__DUPLICATE_METHOD_MATCH = YES;
				COPY_PHASE_STRIP = NO;
				DEBUG_INFORMATION_FORMAT = dwarf;
				ENABLE_STRICT_OBJC_MSGSEND = YES;
				ENABLE_TESTABILITY = YES;
				GCC_C_LANGUAGE_STANDARD = gnu11;
				GCC_DYNAMIC_NO_PIC = NO;
				GCC_NO_COMMON_BLOCKS = YES;
				GCC_OPTIMIZATION_LEVEL = 0;
				GCC_PREPROCESSOR_DEFINITIONS = (
					"DEBUG=1",
					"$(inherited)",
				);
				GCC_WARN_64_TO_32_BIT_CONVERSION = YES;
				GCC_WARN_ABOUT_RETURN_TYPE = YES_ERROR;
				GCC_WARN_UNDECLARED_SELECTOR = YES;
				GCC_WARN_UNINITIALIZED_AUTOS = YES_AGGRESSIVE;
				GCC_WARN_UNUSED_FUNCTION = YES;
				GCC_WARN_UNUSED_VARIABLE = YES;
				IPHONEOS_DEPLOYMENT_TARGET = 13.0;
				MTL_ENABLE_DEBUG_INFO = INCLUDE_SOURCE;
				MTL_FAST_MATH = YES;
				ONLY_ACTIVE_ARCH = YES;
				SDKROOT = iphoneos;
				SWIFT_ACTIVE_COMPILATION_CONDITIONS = DEBUG;
				SWIFT_OPTIMIZATION_LEVEL = "-Onone";
			};
			name = Debug;
		};
		74D1BA6226DDA16600A2A88E /* Release */ = {
			isa = XCBuildConfiguration;
			buildSettings = {
				ALWAYS_SEARCH_USER_PATHS = NO;
				CLANG_ANALYZER_NONNULL = YES;
				CLANG_ANALYZER_NUMBER_OBJECT_CONVERSION = YES_AGGRESSIVE;
				CLANG_CXX_LANGUAGE_STANDARD = "gnu++14";
				CLANG_CXX_LIBRARY = "libc++";
				CLANG_ENABLE_MODULES = YES;
				CLANG_ENABLE_OBJC_ARC = YES;
				CLANG_ENABLE_OBJC_WEAK = YES;
				CLANG_WARN_BLOCK_CAPTURE_AUTORELEASING = YES;
				CLANG_WARN_BOOL_CONVERSION = YES;
				CLANG_WARN_COMMA = YES;
				CLANG_WARN_CONSTANT_CONVERSION = YES;
				CLANG_WARN_DEPRECATED_OBJC_IMPLEMENTATIONS = YES;
				CLANG_WARN_DIRECT_OBJC_ISA_USAGE = YES_ERROR;
				CLANG_WARN_DOCUMENTATION_COMMENTS = YES;
				CLANG_WARN_EMPTY_BODY = YES;
				CLANG_WARN_ENUM_CONVERSION = YES;
				CLANG_WARN_INFINITE_RECURSION = YES;
				CLANG_WARN_INT_CONVERSION = YES;
				CLANG_WARN_NON_LITERAL_NULL_CONVERSION = YES;
				CLANG_WARN_OBJC_IMPLICIT_RETAIN_SELF = YES;
				CLANG_WARN_OBJC_LITERAL_CONVERSION = YES;
				CLANG_WARN_OBJC_ROOT_CLASS = YES_ERROR;
				CLANG_WARN_QUOTED_INCLUDE_IN_FRAMEWORK_HEADER = YES;
				CLANG_WARN_RANGE_LOOP_ANALYSIS = YES;
				CLANG_WARN_STRICT_PROTOTYPES = YES;
				CLANG_WARN_SUSPICIOUS_MOVE = YES;
				CLANG_WARN_UNGUARDED_AVAILABILITY = YES_AGGRESSIVE;
				CLANG_WARN_UNREACHABLE_CODE = YES;
				CLANG_WARN__DUPLICATE_METHOD_MATCH = YES;
				COPY_PHASE_STRIP = NO;
				DEBUG_INFORMATION_FORMAT = "dwarf-with-dsym";
				ENABLE_NS_ASSERTIONS = NO;
				ENABLE_STRICT_OBJC_MSGSEND = YES;
				GCC_C_LANGUAGE_STANDARD = gnu11;
				GCC_NO_COMMON_BLOCKS = YES;
				GCC_WARN_64_TO_32_BIT_CONVERSION = YES;
				GCC_WARN_ABOUT_RETURN_TYPE = YES_ERROR;
				GCC_WARN_UNDECLARED_SELECTOR = YES;
				GCC_WARN_UNINITIALIZED_AUTOS = YES_AGGRESSIVE;
				GCC_WARN_UNUSED_FUNCTION = YES;
				GCC_WARN_UNUSED_VARIABLE = YES;
				IPHONEOS_DEPLOYMENT_TARGET = 13.0;
				MTL_ENABLE_DEBUG_INFO = NO;
				MTL_FAST_MATH = YES;
				SDKROOT = iphoneos;
				SWIFT_COMPILATION_MODE = wholemodule;
				SWIFT_OPTIMIZATION_LEVEL = "-O";
				VALIDATE_PRODUCT = YES;
			};
			name = Release;
		};
		74D1BA6426DDA16600A2A88E /* Debug */ = {
			isa = XCBuildConfiguration;
			buildSettings = {
				ASSETCATALOG_COMPILER_APPICON_NAME = AppIcon;
				ASSETCATALOG_COMPILER_GLOBAL_ACCENT_COLOR_NAME = AccentColor;
				CODE_SIGN_STYLE = Automatic;
				DEBUG_INFORMATION_FORMAT = "dwarf-with-dsym";
				DEVELOPMENT_TEAM = 6A53QK7QMA;
				FRAMEWORK_SEARCH_PATHS = (
					"$(inherited)",
					"$(PROJECT_DIR)",
				);
				INFOPLIST_FILE = soccer/Supports/Info.plist;
				IPHONEOS_DEPLOYMENT_TARGET = 13.0;
				LD_RUNPATH_SEARCH_PATHS = (
					"$(inherited)",
					"@executable_path/Frameworks",
				);
				OTHER_LDFLAGS = "-ObjC";
				PRODUCT_BUNDLE_IDENTIFIER = com.andreev.soccer;
				PRODUCT_NAME = "$(TARGET_NAME)";
				SWIFT_VERSION = 5.0;
				TARGETED_DEVICE_FAMILY = 1;
				VALIDATE_WORKSPACE = NO;
			};
			name = Debug;
		};
		74D1BA6526DDA16600A2A88E /* Release */ = {
			isa = XCBuildConfiguration;
			buildSettings = {
				ASSETCATALOG_COMPILER_APPICON_NAME = AppIcon;
				ASSETCATALOG_COMPILER_GLOBAL_ACCENT_COLOR_NAME = AccentColor;
				CODE_SIGN_STYLE = Automatic;
				DEBUG_INFORMATION_FORMAT = "dwarf-with-dsym";
				DEVELOPMENT_TEAM = 6A53QK7QMA;
				FRAMEWORK_SEARCH_PATHS = (
					"$(inherited)",
					"$(PROJECT_DIR)",
				);
				INFOPLIST_FILE = soccer/Supports/Info.plist;
				IPHONEOS_DEPLOYMENT_TARGET = 13.0;
				LD_RUNPATH_SEARCH_PATHS = (
					"$(inherited)",
					"@executable_path/Frameworks",
				);
				OTHER_LDFLAGS = "-ObjC";
				PRODUCT_BUNDLE_IDENTIFIER = com.andreev.soccer;
				PRODUCT_NAME = "$(TARGET_NAME)";
				SWIFT_VERSION = 5.0;
				TARGETED_DEVICE_FAMILY = 1;
				VALIDATE_WORKSPACE = NO;
			};
			name = Release;
		};
/* End XCBuildConfiguration section */

/* Begin XCConfigurationList section */
		74D1BA4A26DDA16200A2A88E /* Build configuration list for PBXProject "soccer" */ = {
			isa = XCConfigurationList;
			buildConfigurations = (
				74D1BA6126DDA16600A2A88E /* Debug */,
				74D1BA6226DDA16600A2A88E /* Release */,
			);
			defaultConfigurationIsVisible = 0;
			defaultConfigurationName = Release;
		};
		74D1BA6326DDA16600A2A88E /* Build configuration list for PBXNativeTarget "soccer" */ = {
			isa = XCConfigurationList;
			buildConfigurations = (
				74D1BA6426DDA16600A2A88E /* Debug */,
				74D1BA6526DDA16600A2A88E /* Release */,
			);
			defaultConfigurationIsVisible = 0;
			defaultConfigurationName = Release;
		};
/* End XCConfigurationList section */
	};
	rootObject = 74D1BA4726DDA16200A2A88E /* Project object */;
}
